{
  "version": 4,
  "terraform_version": "1.1.2",
  "serial": 164,
  "lineage": "4e6068ab-dc7e-617e-4210-a4c2c339f6b8",
  "outputs": {},
  "resources": [
    {
      "mode": "data",
      "type": "aws_availability_zones",
      "name": "available",
      "provider": "provider[\"registry.terraform.io/hashicorp/aws\"]",
      "instances": [
        {
          "schema_version": 0,
          "attributes": {
            "all_availability_zones": null,
            "exclude_names": null,
            "exclude_zone_ids": null,
            "filter": [
              {
                "name": "opt-in-status",
                "values": [
                  "opt-in-not-required"
                ]
              }
            ],
            "group_names": [
              "us-east-1"
            ],
            "id": "us-east-1",
            "names": [
              "us-east-1a",
              "us-east-1b",
              "us-east-1c",
              "us-east-1d",
              "us-east-1e",
              "us-east-1f"
            ],
            "state": null,
            "zone_ids": [
              "use1-az6",
              "use1-az1",
              "use1-az2",
              "use1-az4",
              "use1-az3",
              "use1-az5"
            ]
          },
          "sensitive_attributes": []
        }
      ]
    },
    {
      "mode": "data",
      "type": "aws_caller_identity",
      "name": "current",
      "provider": "provider[\"registry.terraform.io/hashicorp/aws\"]",
      "instances": [
        {
          "schema_version": 0,
          "attributes": {
            "account_id": "711129375688",
            "arn": "arn:aws:sts::711129375688:assumed-role/se_demos_dev-developer/van.phan@hashicorp.com",
            "id": "711129375688",
            "user_id": "AROA2LEU5EPEOX6UHUREY:van.phan@hashicorp.com"
          },
          "sensitive_attributes": []
        }
      ]
    },
    {
      "mode": "data",
      "type": "aws_security_group",
      "name": "vpc_default",
      "provider": "provider[\"registry.terraform.io/hashicorp/aws\"]",
      "instances": [
        {
          "schema_version": 0,
          "attributes": {
            "arn": "arn:aws:ec2:us-east-1:711129375688:security-group/sg-07a39ad15a9ea9d82",
            "description": "default VPC security group",
            "filter": null,
            "id": "sg-07a39ad15a9ea9d82",
            "name": "default",
            "tags": {},
            "vpc_id": "vpc-08846fdbff71b27d8"
          },
          "sensitive_attributes": []
        }
      ]
    },
    {
      "mode": "managed",
      "type": "aws_cloudwatch_log_group",
      "name": "acl_controllers",
      "provider": "provider[\"registry.terraform.io/hashicorp/aws\"]",
      "instances": [
        {
          "index_key": "clust1",
          "schema_version": 0,
          "attributes": {
            "arn": "arn:aws:logs:us-east-1:711129375688:log-group:/hashicups/ecs/acl_controller/clust1",
            "id": "/hashicups/ecs/acl_controller/clust1",
            "kms_key_id": "",
            "name": "/hashicups/ecs/acl_controller/clust1",
            "name_prefix": null,
            "retention_in_days": 0,
            "tags": null,
            "tags_all": {}
          },
          "sensitive_attributes": [],
          "private": "bnVsbA==",
          "dependencies": [
            "aws_ecs_cluster.clusters"
          ]
        },
        {
          "index_key": "clust2",
          "schema_version": 0,
          "attributes": {
            "arn": "arn:aws:logs:us-east-1:711129375688:log-group:/hashicups/ecs/acl_controller/clust2",
            "id": "/hashicups/ecs/acl_controller/clust2",
            "kms_key_id": "",
            "name": "/hashicups/ecs/acl_controller/clust2",
            "name_prefix": null,
            "retention_in_days": 0,
            "tags": null,
            "tags_all": {}
          },
          "sensitive_attributes": [],
          "private": "bnVsbA==",
          "dependencies": [
            "aws_ecs_cluster.clusters"
          ]
        }
      ]
    },
    {
      "mode": "managed",
      "type": "aws_ecs_cluster",
      "name": "clusters",
      "provider": "provider[\"registry.terraform.io/hashicorp/aws\"]",
      "instances": [
        {
          "index_key": "clust1",
          "schema_version": 0,
          "attributes": {
            "arn": "arn:aws:ecs:us-east-1:711129375688:cluster/clust1",
            "capacity_providers": [],
            "configuration": [],
            "default_capacity_provider_strategy": [],
            "id": "arn:aws:ecs:us-east-1:711129375688:cluster/clust1",
            "name": "clust1",
            "setting": [
              {
                "name": "containerInsights",
                "value": "disabled"
              }
            ],
            "tags": null,
            "tags_all": {}
          },
          "sensitive_attributes": [],
          "private": "bnVsbA=="
        },
        {
          "index_key": "clust2",
          "schema_version": 0,
          "attributes": {
            "arn": "arn:aws:ecs:us-east-1:711129375688:cluster/clust2",
            "capacity_providers": [],
            "configuration": [],
            "default_capacity_provider_strategy": [],
            "id": "arn:aws:ecs:us-east-1:711129375688:cluster/clust2",
            "name": "clust2",
            "setting": [
              {
                "name": "containerInsights",
                "value": "disabled"
              }
            ],
            "tags": null,
            "tags_all": {}
          },
          "sensitive_attributes": [],
          "private": "bnVsbA=="
        }
      ]
    },
    {
      "mode": "managed",
      "type": "aws_ecs_cluster_capacity_providers",
      "name": "fargate",
      "provider": "provider[\"registry.terraform.io/hashicorp/aws\"]",
      "instances": [
        {
          "index_key": "clust1",
          "schema_version": 0,
          "attributes": {
            "capacity_providers": [
              "FARGATE"
            ],
            "cluster_name": "clust1",
            "default_capacity_provider_strategy": [],
            "id": "clust1"
          },
          "sensitive_attributes": [],
          "private": "bnVsbA==",
          "dependencies": [
            "aws_ecs_cluster.clusters"
          ]
        },
        {
          "index_key": "clust2",
          "schema_version": 0,
          "attributes": {
            "capacity_providers": [
              "FARGATE"
            ],
            "cluster_name": "clust2",
            "default_capacity_provider_strategy": [],
            "id": "clust2"
          },
          "sensitive_attributes": [],
          "private": "bnVsbA==",
          "dependencies": [
            "aws_ecs_cluster.clusters"
          ]
        }
      ]
    },
    {
      "mode": "managed",
      "type": "aws_iam_policy",
      "name": "hashicups",
      "provider": "provider[\"registry.terraform.io/hashicorp/aws\"]",
      "instances": [
        {
          "schema_version": 0,
          "attributes": {
            "arn": "arn:aws:iam::711129375688:policy/terraform-20220516155238077800000001",
            "description": "",
            "id": "arn:aws:iam::711129375688:policy/terraform-20220516155238077800000001",
            "name": "terraform-20220516155238077800000001",
            "name_prefix": null,
            "path": "/",
            "policy": "{\"Statement\":[{\"Action\":[\"secretsmanager:GetSecretValue\"],\"Effect\":\"Allow\",\"Resource\":[\"arn:aws:secretsmanager:us-east-1:711129375688:secret:ap-gossip-key-slLFsq\",\"arn:aws:secretsmanager:us-east-1:711129375688:secret:ap-bootstrap-token-zho2Jp\",\"arn:aws:secretsmanager:us-east-1:711129375688:secret:ap-consul-ca-cert-K7nX4l\",\"arn:aws:elasticloadbalancing:us-east-1:711129375688:loadbalancer/app/ap/b30cfb2225214e38\"]},{\"Action\":[\"logs:CreateLogGroup\",\"logs:CreateLogStream\",\"logs:PutLogEvent\"],\"Effect\":\"Allow\",\"Resource\":[\"*\"]},{\"Action\":[\"elasticloadbalancing:*\"],\"Effect\":\"Allow\",\"Resource\":[\"arn:aws:elasticloadbalancing:us-east-1:711129375688:loadbalancer/app/ap/b30cfb2225214e38\"]}],\"Version\":\"2012-10-17\"}",
            "policy_id": "ANPA2LEU5EPEFWNZFWMQ6",
            "tags": null,
            "tags_all": {}
          },
          "sensitive_attributes": [],
          "private": "bnVsbA==",
          "dependencies": [
            "aws_lb.example_client_app",
            "aws_secretsmanager_secret.bootstrap_token",
            "aws_secretsmanager_secret.consul_ca_cert",
            "aws_secretsmanager_secret.gossip_key",
            "aws_security_group.example_client_app_alb",
            "module.vpc.aws_subnet.public",
            "module.vpc.aws_vpc.this",
            "module.vpc.aws_vpc_ipv4_cidr_block_association.this",
            "random_id.random"
          ]
        }
      ]
    },
    {
      "mode": "managed",
      "type": "aws_iam_role",
      "name": "hashicups",
      "provider": "provider[\"registry.terraform.io/hashicorp/aws\"]",
      "instances": [
        {
          "index_key": "clust1",
          "schema_version": 0,
          "attributes": {
            "arn": "arn:aws:iam::711129375688:role/hashicups-clust1",
            "assume_role_policy": "{\"Version\":\"2012-10-17\",\"Statement\":[{\"Effect\":\"Allow\",\"Principal\":{\"Service\":\"ecs-tasks.amazonaws.com\"},\"Action\":\"sts:AssumeRole\"},{\"Effect\":\"Allow\",\"Principal\":{\"AWS\":\"arn:aws:iam::711129375688:role/aws-service-role/ecs.amazonaws.com/AWSServiceRoleForECS\"},\"Action\":\"sts:AssumeRole\"},{\"Effect\":\"Allow\",\"Principal\":{\"Service\":\"ecs.amazonaws.com\"},\"Action\":\"sts:AssumeRole\"}]}",
            "create_date": "2022-05-16T15:48:58Z",
            "description": "",
            "force_detach_policies": false,
            "id": "hashicups-clust1",
            "inline_policy": [
              {
                "name": "",
                "policy": ""
              }
            ],
            "managed_policy_arns": [],
            "max_session_duration": 3600,
            "name": "hashicups-clust1",
            "name_prefix": "",
            "path": "/",
            "permissions_boundary": null,
            "tags": null,
            "tags_all": {},
            "unique_id": "AROA2LEU5EPEE3PRW2E7Y"
          },
          "sensitive_attributes": [],
          "private": "bnVsbA==",
          "dependencies": [
            "data.aws_caller_identity.current"
          ]
        },
        {
          "index_key": "clust2",
          "schema_version": 0,
          "attributes": {
            "arn": "arn:aws:iam::711129375688:role/hashicups-clust2",
            "assume_role_policy": "{\"Version\":\"2012-10-17\",\"Statement\":[{\"Effect\":\"Allow\",\"Principal\":{\"Service\":\"ecs-tasks.amazonaws.com\"},\"Action\":\"sts:AssumeRole\"},{\"Effect\":\"Allow\",\"Principal\":{\"AWS\":\"arn:aws:iam::711129375688:role/aws-service-role/ecs.amazonaws.com/AWSServiceRoleForECS\"},\"Action\":\"sts:AssumeRole\"},{\"Effect\":\"Allow\",\"Principal\":{\"Service\":\"ecs.amazonaws.com\"},\"Action\":\"sts:AssumeRole\"}]}",
            "create_date": "2022-05-16T15:48:58Z",
            "description": "",
            "force_detach_policies": false,
            "id": "hashicups-clust2",
            "inline_policy": [
              {
                "name": "",
                "policy": ""
              }
            ],
            "managed_policy_arns": [],
            "max_session_duration": 3600,
            "name": "hashicups-clust2",
            "name_prefix": "",
            "path": "/",
            "permissions_boundary": null,
            "tags": null,
            "tags_all": {},
            "unique_id": "AROA2LEU5EPEITQO7PE3G"
          },
          "sensitive_attributes": [],
          "private": "bnVsbA==",
          "dependencies": [
            "data.aws_caller_identity.current"
          ]
        }
      ]
    },
    {
      "mode": "managed",
      "type": "aws_iam_role_policy_attachment",
      "name": "hashicups",
      "provider": "provider[\"registry.terraform.io/hashicorp/aws\"]",
      "instances": [
        {
          "index_key": "clust1",
          "schema_version": 0,
          "attributes": {
            "id": "hashicups-clust1-20220516155239082500000002",
            "policy_arn": "arn:aws:iam::711129375688:policy/terraform-20220516155238077800000001",
            "role": "hashicups-clust1"
          },
          "sensitive_attributes": [],
          "private": "bnVsbA==",
          "dependencies": [
            "aws_iam_policy.hashicups",
            "aws_iam_role.hashicups",
            "aws_lb.example_client_app",
            "aws_secretsmanager_secret.bootstrap_token",
            "aws_secretsmanager_secret.consul_ca_cert",
            "aws_secretsmanager_secret.gossip_key",
            "aws_security_group.example_client_app_alb",
            "data.aws_caller_identity.current",
            "module.vpc.aws_subnet.public",
            "module.vpc.aws_vpc.this",
            "module.vpc.aws_vpc_ipv4_cidr_block_association.this",
            "random_id.random"
          ]
        },
        {
          "index_key": "clust2",
          "schema_version": 0,
          "attributes": {
            "id": "hashicups-clust2-20220516155239220900000003",
            "policy_arn": "arn:aws:iam::711129375688:policy/terraform-20220516155238077800000001",
            "role": "hashicups-clust2"
          },
          "sensitive_attributes": [],
          "private": "bnVsbA==",
          "dependencies": [
            "aws_iam_policy.hashicups",
            "aws_iam_role.hashicups",
            "aws_lb.example_client_app",
            "aws_secretsmanager_secret.bootstrap_token",
            "aws_secretsmanager_secret.consul_ca_cert",
            "aws_secretsmanager_secret.gossip_key",
            "aws_security_group.example_client_app_alb",
            "data.aws_caller_identity.current",
            "module.vpc.aws_subnet.public",
            "module.vpc.aws_vpc.this",
            "module.vpc.aws_vpc_ipv4_cidr_block_association.this",
            "random_id.random"
          ]
        }
      ]
    },
    {
      "mode": "managed",
      "type": "aws_lb",
      "name": "example_client_app",
      "provider": "provider[\"registry.terraform.io/hashicorp/aws\"]",
      "instances": [
        {
          "schema_version": 0,
          "attributes": {
            "access_logs": [
              {
                "bucket": "",
                "enabled": false,
                "prefix": ""
              }
            ],
            "arn": "arn:aws:elasticloadbalancing:us-east-1:711129375688:loadbalancer/app/ap/b30cfb2225214e38",
            "arn_suffix": "app/ap/b30cfb2225214e38",
            "customer_owned_ipv4_pool": "",
            "desync_mitigation_mode": "defensive",
            "dns_name": "ap-1821569249.us-east-1.elb.amazonaws.com",
            "drop_invalid_header_fields": false,
            "enable_cross_zone_load_balancing": null,
            "enable_deletion_protection": false,
            "enable_http2": true,
            "enable_waf_fail_open": false,
            "id": "arn:aws:elasticloadbalancing:us-east-1:711129375688:loadbalancer/app/ap/b30cfb2225214e38",
            "idle_timeout": 60,
            "internal": false,
            "ip_address_type": "ipv4",
            "load_balancer_type": "application",
            "name": "ap",
            "name_prefix": null,
            "security_groups": [
              "sg-0474eb4d1be0062e4"
            ],
            "subnet_mapping": [
              {
                "allocation_id": "",
                "ipv6_address": "",
                "outpost_id": "",
                "private_ipv4_address": "",
                "subnet_id": "subnet-0108c39ee7a55727c"
              },
              {
                "allocation_id": "",
                "ipv6_address": "",
                "outpost_id": "",
                "private_ipv4_address": "",
                "subnet_id": "subnet-0243f58b13d665def"
              },
              {
                "allocation_id": "",
                "ipv6_address": "",
                "outpost_id": "",
                "private_ipv4_address": "",
                "subnet_id": "subnet-0741b32fc7849a404"
              }
            ],
            "subnets": [
              "subnet-0108c39ee7a55727c",
              "subnet-0243f58b13d665def",
              "subnet-0741b32fc7849a404"
            ],
            "tags": null,
            "tags_all": {},
            "timeouts": null,
            "vpc_id": "vpc-08846fdbff71b27d8",
            "zone_id": "Z35SXDOTRQ7X7K"
          },
          "sensitive_attributes": [],
          "private": "eyJlMmJmYjczMC1lY2FhLTExZTYtOGY4OC0zNDM2M2JjN2M0YzAiOnsiY3JlYXRlIjo2MDAwMDAwMDAwMDAsImRlbGV0ZSI6NjAwMDAwMDAwMDAwLCJ1cGRhdGUiOjYwMDAwMDAwMDAwMH19",
          "dependencies": [
            "aws_security_group.example_client_app_alb",
            "module.vpc.aws_subnet.public",
            "module.vpc.aws_vpc.this",
            "module.vpc.aws_vpc_ipv4_cidr_block_association.this",
            "random_id.random"
          ]
        }
      ]
    },
    {
      "mode": "managed",
      "type": "aws_lb_listener",
      "name": "hashicups",
      "provider": "provider[\"registry.terraform.io/hashicorp/aws\"]",
      "instances": [
        {
          "index_key": "frontend",
          "schema_version": 0,
          "attributes": {
            "alpn_policy": null,
            "arn": "arn:aws:elasticloadbalancing:us-east-1:711129375688:listener/app/ap/b30cfb2225214e38/3094d246e772aa6d",
            "certificate_arn": null,
            "default_action": [
              {
                "authenticate_cognito": [],
                "authenticate_oidc": [],
                "fixed_response": [],
                "forward": [],
                "order": 1,
                "redirect": [],
                "target_group_arn": "arn:aws:elasticloadbalancing:us-east-1:711129375688:targetgroup/frontend/93e253acb44c0794",
                "type": "forward"
              }
            ],
            "id": "arn:aws:elasticloadbalancing:us-east-1:711129375688:listener/app/ap/b30cfb2225214e38/3094d246e772aa6d",
            "load_balancer_arn": "arn:aws:elasticloadbalancing:us-east-1:711129375688:loadbalancer/app/ap/b30cfb2225214e38",
            "port": 80,
            "protocol": "HTTP",
            "ssl_policy": "",
            "tags": null,
            "tags_all": {},
            "timeouts": null
          },
          "sensitive_attributes": [],
          "private": "eyJlMmJmYjczMC1lY2FhLTExZTYtOGY4OC0zNDM2M2JjN2M0YzAiOnsicmVhZCI6NjAwMDAwMDAwMDAwfX0=",
          "dependencies": [
            "aws_lb.example_client_app",
            "aws_lb_target_group.hashicups",
            "aws_security_group.example_client_app_alb",
            "module.vpc.aws_subnet.public",
            "module.vpc.aws_vpc.this",
            "module.vpc.aws_vpc_ipv4_cidr_block_association.this",
            "random_id.random"
          ]
        },
        {
          "index_key": "public-api",
          "schema_version": 0,
          "attributes": {
            "alpn_policy": null,
            "arn": "arn:aws:elasticloadbalancing:us-east-1:711129375688:listener/app/ap/b30cfb2225214e38/00df7fa77c115861",
            "certificate_arn": null,
            "default_action": [
              {
                "authenticate_cognito": [],
                "authenticate_oidc": [],
                "fixed_response": [],
                "forward": [],
                "order": 1,
                "redirect": [],
                "target_group_arn": "arn:aws:elasticloadbalancing:us-east-1:711129375688:targetgroup/public-api/6789dd6061a09c11",
                "type": "forward"
              }
            ],
            "id": "arn:aws:elasticloadbalancing:us-east-1:711129375688:listener/app/ap/b30cfb2225214e38/00df7fa77c115861",
            "load_balancer_arn": "arn:aws:elasticloadbalancing:us-east-1:711129375688:loadbalancer/app/ap/b30cfb2225214e38",
            "port": 8081,
            "protocol": "HTTP",
            "ssl_policy": "",
            "tags": null,
            "tags_all": {},
            "timeouts": null
          },
          "sensitive_attributes": [],
          "private": "eyJlMmJmYjczMC1lY2FhLTExZTYtOGY4OC0zNDM2M2JjN2M0YzAiOnsicmVhZCI6NjAwMDAwMDAwMDAwfX0=",
          "dependencies": [
            "aws_lb.example_client_app",
            "aws_lb_target_group.hashicups",
            "aws_security_group.example_client_app_alb",
            "module.vpc.aws_subnet.public",
            "module.vpc.aws_vpc.this",
            "module.vpc.aws_vpc_ipv4_cidr_block_association.this",
            "random_id.random"
          ]
        }
      ]
    },
    {
      "mode": "managed",
      "type": "aws_lb_target_group",
      "name": "hashicups",
      "provider": "provider[\"registry.terraform.io/hashicorp/aws\"]",
      "instances": [
        {
          "index_key": "frontend",
          "schema_version": 0,
          "attributes": {
            "arn": "arn:aws:elasticloadbalancing:us-east-1:711129375688:targetgroup/frontend/93e253acb44c0794",
            "arn_suffix": "targetgroup/frontend/93e253acb44c0794",
            "connection_termination": false,
            "deregistration_delay": "10",
            "health_check": [
              {
                "enabled": true,
                "healthy_threshold": 2,
                "interval": 60,
                "matcher": "200",
                "path": "/",
                "port": "traffic-port",
                "protocol": "HTTP",
                "timeout": 30,
                "unhealthy_threshold": 10
              }
            ],
            "id": "arn:aws:elasticloadbalancing:us-east-1:711129375688:targetgroup/frontend/93e253acb44c0794",
            "lambda_multi_value_headers_enabled": false,
            "load_balancing_algorithm_type": "round_robin",
            "name": "frontend",
            "name_prefix": null,
            "port": 80,
            "preserve_client_ip": null,
            "protocol": "HTTP",
            "protocol_version": "HTTP1",
            "proxy_protocol_v2": false,
            "slow_start": 0,
            "stickiness": [
              {
                "cookie_duration": 86400,
                "cookie_name": "",
                "enabled": false,
                "type": "lb_cookie"
              }
            ],
            "tags": null,
            "tags_all": {},
            "target_type": "ip",
            "vpc_id": "vpc-08846fdbff71b27d8"
          },
          "sensitive_attributes": [],
          "private": "bnVsbA==",
          "dependencies": [
            "module.vpc.aws_vpc.this",
            "random_id.random"
          ]
        },
        {
          "index_key": "public-api",
          "schema_version": 0,
          "attributes": {
            "arn": "arn:aws:elasticloadbalancing:us-east-1:711129375688:targetgroup/public-api/6789dd6061a09c11",
            "arn_suffix": "targetgroup/public-api/6789dd6061a09c11",
            "connection_termination": false,
            "deregistration_delay": "10",
            "health_check": [
              {
                "enabled": true,
                "healthy_threshold": 2,
                "interval": 60,
                "matcher": "200",
                "path": "/",
                "port": "8081",
                "protocol": "HTTP",
                "timeout": 30,
                "unhealthy_threshold": 10
              }
            ],
            "id": "arn:aws:elasticloadbalancing:us-east-1:711129375688:targetgroup/public-api/6789dd6061a09c11",
            "lambda_multi_value_headers_enabled": false,
            "load_balancing_algorithm_type": "round_robin",
            "name": "public-api",
            "name_prefix": null,
            "port": 8081,
            "preserve_client_ip": null,
            "protocol": "HTTP",
            "protocol_version": "HTTP1",
            "proxy_protocol_v2": false,
            "slow_start": 0,
            "stickiness": [
              {
                "cookie_duration": 86400,
                "cookie_name": "",
                "enabled": false,
                "type": "lb_cookie"
              }
            ],
            "tags": null,
            "tags_all": {},
            "target_type": "ip",
            "vpc_id": "vpc-08846fdbff71b27d8"
          },
          "sensitive_attributes": [],
          "private": "bnVsbA==",
          "dependencies": [
            "module.vpc.aws_vpc.this",
            "random_id.random"
          ]
        }
      ]
    },
    {
      "mode": "managed",
      "type": "aws_route",
      "name": "private_to_hvn",
      "provider": "provider[\"registry.terraform.io/hashicorp/aws\"]",
      "instances": [
        {
          "index_key": 0,
          "schema_version": 0,
          "attributes": {
            "carrier_gateway_id": "",
            "core_network_arn": "",
            "destination_cidr_block": "172.25.16.0/20",
            "destination_ipv6_cidr_block": "",
            "destination_prefix_list_id": "",
            "egress_only_gateway_id": "",
            "gateway_id": "",
            "id": "r-rtb-0e504a7d1515f9caf4288272982",
            "instance_id": "",
            "instance_owner_id": "",
            "local_gateway_id": "",
            "nat_gateway_id": "",
            "network_interface_id": "",
            "origin": "CreateRoute",
            "route_table_id": "rtb-0e504a7d1515f9caf",
            "state": "active",
            "timeouts": null,
            "transit_gateway_id": "",
            "vpc_endpoint_id": "",
            "vpc_peering_connection_id": "pcx-04aa5c3d0854ee153"
          },
          "sensitive_attributes": [],
          "private": "eyJlMmJmYjczMC1lY2FhLTExZTYtOGY4OC0zNDM2M2JjN2M0YzAiOnsiY3JlYXRlIjozMDAwMDAwMDAwMDAsImRlbGV0ZSI6MzAwMDAwMDAwMDAwLCJ1cGRhdGUiOjEyMDAwMDAwMDAwMH19",
          "dependencies": [
            "aws_vpc_peering_connection_accepter.peer",
            "data.aws_caller_identity.current",
            "hcp_aws_network_peering.default",
            "hcp_hvn.server",
            "module.vpc.aws_route_table.private",
            "module.vpc.aws_vpc.this",
            "module.vpc.aws_vpc_ipv4_cidr_block_association.this",
            "random_id.random"
          ]
        }
      ]
    },
    {
      "mode": "managed",
      "type": "aws_route",
      "name": "public_to_hvn",
      "provider": "provider[\"registry.terraform.io/hashicorp/aws\"]",
      "instances": [
        {
          "index_key": 0,
          "schema_version": 0,
          "attributes": {
            "carrier_gateway_id": "",
            "core_network_arn": "",
            "destination_cidr_block": "172.25.16.0/20",
            "destination_ipv6_cidr_block": "",
            "destination_prefix_list_id": "",
            "egress_only_gateway_id": "",
            "gateway_id": "",
            "id": "r-rtb-091d458b711d474fe4288272982",
            "instance_id": "",
            "instance_owner_id": "",
            "local_gateway_id": "",
            "nat_gateway_id": "",
            "network_interface_id": "",
            "origin": "CreateRoute",
            "route_table_id": "rtb-091d458b711d474fe",
            "state": "active",
            "timeouts": null,
            "transit_gateway_id": "",
            "vpc_endpoint_id": "",
            "vpc_peering_connection_id": "pcx-04aa5c3d0854ee153"
          },
          "sensitive_attributes": [],
          "private": "eyJlMmJmYjczMC1lY2FhLTExZTYtOGY4OC0zNDM2M2JjN2M0YzAiOnsiY3JlYXRlIjozMDAwMDAwMDAwMDAsImRlbGV0ZSI6MzAwMDAwMDAwMDAwLCJ1cGRhdGUiOjEyMDAwMDAwMDAwMH19",
          "dependencies": [
            "aws_vpc_peering_connection_accepter.peer",
            "data.aws_caller_identity.current",
            "hcp_aws_network_peering.default",
            "hcp_hvn.server",
            "module.vpc.aws_route_table.public",
            "module.vpc.aws_vpc.this",
            "module.vpc.aws_vpc_ipv4_cidr_block_association.this",
            "random_id.random"
          ]
        }
      ]
    },
    {
      "mode": "managed",
      "type": "aws_secretsmanager_secret",
      "name": "bootstrap_token",
      "provider": "provider[\"registry.terraform.io/hashicorp/aws\"]",
      "instances": [
        {
          "schema_version": 0,
          "attributes": {
            "arn": "arn:aws:secretsmanager:us-east-1:711129375688:secret:ap-bootstrap-token-zho2Jp",
            "description": "",
            "force_overwrite_replica_secret": false,
            "id": "arn:aws:secretsmanager:us-east-1:711129375688:secret:ap-bootstrap-token-zho2Jp",
            "kms_key_id": "",
            "name": "ap-bootstrap-token",
            "name_prefix": "",
            "policy": "",
            "recovery_window_in_days": 0,
            "replica": [],
            "rotation_enabled": false,
            "rotation_lambda_arn": "",
            "rotation_rules": [],
            "tags": null,
            "tags_all": {}
          },
          "sensitive_attributes": [],
          "private": "bnVsbA=="
        }
      ]
    },
    {
      "mode": "managed",
      "type": "aws_secretsmanager_secret",
      "name": "consul_ca_cert",
      "provider": "provider[\"registry.terraform.io/hashicorp/aws\"]",
      "instances": [
        {
          "schema_version": 0,
          "attributes": {
            "arn": "arn:aws:secretsmanager:us-east-1:711129375688:secret:ap-consul-ca-cert-K7nX4l",
            "description": "",
            "force_overwrite_replica_secret": false,
            "id": "arn:aws:secretsmanager:us-east-1:711129375688:secret:ap-consul-ca-cert-K7nX4l",
            "kms_key_id": "",
            "name": "ap-consul-ca-cert",
            "name_prefix": "",
            "policy": "",
            "recovery_window_in_days": 0,
            "replica": [],
            "rotation_enabled": false,
            "rotation_lambda_arn": "",
            "rotation_rules": [],
            "tags": null,
            "tags_all": {}
          },
          "sensitive_attributes": [],
          "private": "bnVsbA=="
        }
      ]
    },
    {
      "mode": "managed",
      "type": "aws_secretsmanager_secret",
      "name": "gossip_key",
      "provider": "provider[\"registry.terraform.io/hashicorp/aws\"]",
      "instances": [
        {
          "schema_version": 0,
          "attributes": {
            "arn": "arn:aws:secretsmanager:us-east-1:711129375688:secret:ap-gossip-key-slLFsq",
            "description": "",
            "force_overwrite_replica_secret": false,
            "id": "arn:aws:secretsmanager:us-east-1:711129375688:secret:ap-gossip-key-slLFsq",
            "kms_key_id": "",
            "name": "ap-gossip-key",
            "name_prefix": "",
            "policy": "",
            "recovery_window_in_days": 0,
            "replica": [],
            "rotation_enabled": false,
            "rotation_lambda_arn": "",
            "rotation_rules": [],
            "tags": null,
            "tags_all": {}
          },
          "sensitive_attributes": [],
          "private": "bnVsbA=="
        }
      ]
    },
    {
      "mode": "managed",
      "type": "aws_secretsmanager_secret_version",
      "name": "bootstrap_token",
      "provider": "provider[\"registry.terraform.io/hashicorp/aws\"]",
      "instances": [
        {
          "schema_version": 0,
          "attributes": {
            "arn": "arn:aws:secretsmanager:us-east-1:711129375688:secret:ap-bootstrap-token-zho2Jp",
            "id": "arn:aws:secretsmanager:us-east-1:711129375688:secret:ap-bootstrap-token-zho2Jp|8B6F8E86-6915-4C4A-9E46-BB811D88B070",
            "secret_binary": "",
            "secret_id": "arn:aws:secretsmanager:us-east-1:711129375688:secret:ap-bootstrap-token-zho2Jp",
            "secret_string": "64c9cbd2-f297-4c08-6b34-f5c149951560",
            "version_id": "8B6F8E86-6915-4C4A-9E46-BB811D88B070",
            "version_stages": [
              "AWSCURRENT"
            ]
          },
          "sensitive_attributes": [
            [
              {
                "type": "get_attr",
                "value": "secret_string"
              }
            ]
          ],
          "private": "bnVsbA==",
          "dependencies": [
            "aws_secretsmanager_secret.bootstrap_token",
            "hcp_consul_cluster.example",
            "hcp_hvn.server",
            "random_id.random"
          ]
        }
      ]
    },
    {
      "mode": "managed",
      "type": "aws_secretsmanager_secret_version",
      "name": "consul_ca_cert",
      "provider": "provider[\"registry.terraform.io/hashicorp/aws\"]",
      "instances": [
        {
          "schema_version": 0,
          "attributes": {
            "arn": "arn:aws:secretsmanager:us-east-1:711129375688:secret:ap-consul-ca-cert-K7nX4l",
            "id": "arn:aws:secretsmanager:us-east-1:711129375688:secret:ap-consul-ca-cert-K7nX4l|07AFD200-E54C-4FFF-A556-0F891E8F3C2F",
            "secret_binary": "",
            "secret_id": "arn:aws:secretsmanager:us-east-1:711129375688:secret:ap-consul-ca-cert-K7nX4l",
            "secret_string": "-----BEGIN CERTIFICATE-----\nMIIEfDCCAmSgAwIBAgIUZMTuBkU+TU85NLt66gf+eTCeZuYwDQYJKoZIhvcNAQEL\nBQAwGzEZMBcGA1UEAxMQSENQIERhdGFwbGFuZSBDQTAeFw0yMjA1MTYxNTUwMjBa\nFw0yMzA1MTYxNTUwNTBaMDYxNDAyBgNVBAMTK2M4ZGQwNjAwLTFlNjQtNDE5Yy1h\nMTExLWMzNWQ4OGQ1YmQ1ZS5jb25zdWwwggEiMA0GCSqGSIb3DQEBAQUAA4IBDwAw\nggEKAoIBAQDnDuBY5AGZIJKBCwzQUpsoosgl4h/TkoZQs0iuuLTNmTvriuJx8+pW\njm7Kl+NlxLWcw+cCpBptB74Ro9ZJyr1mhVTUXUy6wtzbKRwALUUDRwTEz2Lo1Ac6\nYLPnRdVVpbWSN8FZxFdyqQxba6bnZsFp1bbwM7usWPQRynsTccaqdsQ/FyOq9c2H\nIGbpnZgSWSyYfbIYH4zSIAE1aogDIXZPbsDGfFg0mz9xHoBuIfcik9WIeOAuGyn+\nReDQqZC80dJv9qX2c1cY8xNnV6AJn+7QuCd2jd6gch+9AqRCGpeBVBSe57DB1ltN\ne41zkSMRrI+i/Wl22Yvdz28SU0tdO0svAgMBAAGjgZwwgZkwDgYDVR0PAQH/BAQD\nAgEGMA8GA1UdEwEB/wQFMAMBAf8wHQYDVR0OBBYEFIHuKxwR8Zu4dKbaWbW4oILA\nkP8DMB8GA1UdIwQYMBaAFBSRB6azeOZdQW2ZNS6Qmnp0YlZFMDYGA1UdEQQvMC2C\nK2M4ZGQwNjAwLTFlNjQtNDE5Yy1hMTExLWMzNWQ4OGQ1YmQ1ZS5jb25zdWwwDQYJ\nKoZIhvcNAQELBQADggIBAHq0cqcGkbl6ri5vSyqscGvbn2SSzgv+T8goxT2ldl49\nV11I9lT+4kprdUNpsDpWHfJ9y8ijyEPhSoq55wxTvYeJy81DinzpBC3hvSgLJrnT\nRLfggdV9AJpWqoFPXkfdnAXbH68LVqvWyR+De6O7lDyEj93Z5co8MGD9ADBxgf16\nQdAWo3bVgI/zIIGpiSuMuDMsltgL5+AxaqsNGLHAWS3E+pyHIyo7f4A2ShI6Jpjr\nfJ3BgZI3LTXDy9KinydJeuuzFqzer+//gJ2YIIr9OYuw1Ex4Kbs5uPNe/mJn+cKk\nOfiIE701DlcXLuwMrboOGJjphaBItI22mUOsX7siqPL4gslDrfioOPi/bJvOyZXL\nJ+tNttj5RHdJiGFR+Mw4g7Vhyi0RkgyE8k0ah3/nQPkrq+zggnclC/lCar76f7jJ\nOgytb982Lp4h9X+EC4OavxgCzUvqL9WBmAQgBOllhaFsfNl7nR8sfK/IBVBwXtQu\nz8GtMStfuc1dcLIrl/GqEM0M8DMkNM80zqtI4hBEHJFKWl7WzNE/VUZSQsjkjFcM\nNLZmuv5HPO6oMWA6ffL9eNpImZ9zNhL9lLcEPaGuP/xdes63okn9D3KPUMHGNK+M\n8CTNWEMIFXTLv+hQPxlie87wMy2i2MhjQHtdy3IMW4hxDCLBeuebuT0lAH32GtIP\n-----END CERTIFICATE-----\n-----BEGIN CERTIFICATE-----\nMIIFIDCCAwigAwIBAgIUVBmW/dJCwGuJisxVWiN97gFWvVQwDQYJKoZIhvcNAQEL\nBQAwFDESMBAGA1UEAxMJSEMgMTAxIENBMB4XDTIwMDQxNjE4MjM1NVoXDTIzMDQx\nNjE4MjQyNVowGzEZMBcGA1UEAxMQSENQIERhdGFwbGFuZSBDQTCCAiIwDQYJKoZI\nhvcNAQEBBQADggIPADCCAgoCggIBAKO7m5GCEMnHVxaxehRqGbzXNBXE1iqdGeWA\nqFTZ2B7LnJfhNy7SlbsEQgQwHaSnB9YbM5B0+rTbcXhWdgPNPI0CCkeek6f9Srwg\nGITvUUglAuaeFkDa967IXkafWTgd8ghL3tyD9TfHEjnM/9QbIr6i/GY8s/dwR7qE\n5oYznF48jD+5d2mt+jqulNgr1C2Jjn4yS/tewUTWVgQftKKVruqc3F2u5XgH5k1p\ndZw8GhcUlOHSFypuA7eyThfQFTAEITS39VYmJzlXwmheO9JbOeQHYLk612hZMqdb\nOnH9+W+a3K/4ytqFa7jfbsUYlZBJ2QJ4zoB5enoAiRr/JqLpyp4TbjPOdRQdc8Lh\n9jfEKSoVN5ZUiSCq4rqm3fPiuYE4IXA066hp0ogCpv0IB4RjJmOa3el2S/VT4Nwl\nk4dbXr38Kp+fWBRTMjwiu3YwoQZSo8YsIZJKZQCGRiA+Q1biLO1pulmAVGYNX7p0\nHmkdOhgMMrqi4pGPtgOBfDZM85XifDgBhk/RdG0Qsy7pSUgnDb5BCywhFNW/UjSA\nDbwBosggYdERFRMDBOJfQGZzbFrfuDLlCQoe6UZol/vR09jMmcqner1z0DPq88cm\nzfhQj43H/PZgH0CPj8i5XIZZS9sYHf99bxzZ85Sz37mBQ0fLL0bT7k87KzDkuFey\nYLKTeB93AgMBAAGjYzBhMA4GA1UdDwEB/wQEAwIBBjAPBgNVHRMBAf8EBTADAQH/\nMB0GA1UdDgQWBBQUkQems3jmXUFtmTUukJp6dGJWRTAfBgNVHSMEGDAWgBQfqfIo\nxufRtm/T33vPlfA5Xf3N3DANBgkqhkiG9w0BAQsFAAOCAgEAtO3u+rv0Ra0BzpxC\nPAYZYv+HwzfWO2hbePwXYbxbHXlVzUt6s/y71zDsZso7yDypgJznQ75XQKaqRVYU\n4NAuenxyip94wkbJjezDNlwfeglxnTI82D0YI/2tFfCAmqQlh77trgTdojSa4xQu\nr0Wsyqz3FdCNtmRfTIDbxnGcPWunNhvLVe5FejeQC+/ckjhtBusCo4UhjllqwSSf\nVw9wrNdG0+KLRQmI7KzfoikvQWgguoB54XAtX7qvkvGLe3r+8H4JP/3YVCedQJ3c\nzDvvJYXiKeY7Kr71R5L+TyekOc3m860Q3z+DUJJasPbioqcSLWqZXoHc2UH3LRMB\nZwEyFEu/wS1tQMBt/Hz50fNvP79Qe2HtuJ9Rnm+CsH/lxEH6x+ctCHZ16rilrXIf\nYtnjFBDD1MJTJcIF2CdHaqOH/NB3t/qilXVh9VATdySWWcovSdgaaZWSiNiRDPfb\nCrHSkj3/qmyIeIkMx3PHJo6qSBACcrZv7yXWR9O86cMxq8UXA7fLdn7sH9cLSkEg\nWYm3YaoteLOKFNKmJOeYMp+TEuj/d3acEXZkgNER9U/UnLVxY6Uh0QuXUQh0iiDP\nNJC5pFLbKzGwpFcJtwmX4Y1Mi8E0eype/7kIoZK1Qph0EcDIeHxNKax8tTtJYIIG\nluHmFzDfzEHW2voOPO5WG0F9t7M=\n-----END CERTIFICATE-----\n-----BEGIN CERTIFICATE-----\nMIIFITCCAwmgAwIBAgIURVwmq0XfEba0cRs9RxilcC7uB+owDQYJKoZIhvcNAQEL\nBQAwHDEaMBgGA1UEAxMRSGFzaGlDb3JwIFJvb3QgQ0EwHhcNMjAwNDE2MTgxOTEw\nWhcNMzAwNDE2MTgxOTQwWjAUMRIwEAYDVQQDEwlIQyAxMDEgQ0EwggIiMA0GCSqG\nSIb3DQEBAQUAA4ICDwAwggIKAoICAQDfy6iGURYzyEuAlpdNIg2Z5PCVaNIKjXzt\niNSxMFmbEVKEqLibpUHM6UY31Sje+PP74WQ7S7kHcwJbgWNumGIzhoHXOARS4IjB\nX3xl0yRvnLE9cY2WRc4UGC/SFMERIKVwsZnEUVA0xnBTzuzSLbXJSs6xwIBgaeZS\ncUTtkbhywmNl5cpubgxPNvJdAdMZOO6G3sS5bkEswV1epYT0gk8jxfgF8jp8AyB1\nHmjqMisrxHTfMwAAmLxfwk1C5aaFVky3aVgLSjuMhmKJHRglTDCQkasFhgRI79RF\n9jt9tK0ED11VM6EB3RV4hjUlu3uRzJVbD68EwkqBIrwxW67lWzriRjm0NTT/dzRK\nw2wRBxL342v2QsyXh7hWQB8NrQI2LWVuOG8DcLbMivPK1CuszYkdG60aYO7k+Smt\nXRUq+KJyqpgT5fOyaQkQ64iTqD91GZZleXN1beQ5+71KybDtnOSajorYmTD0kyjP\nvea8V7L9QOUllEWj4OX6gG5Sh4JYWIbHjasAMIHXW9nlMuPnuxpMKJPuzWdF3LdM\n5jnPEHhbVi+1FlHGbw1U+BCt75WOOWJEYS1iqZlfwt+ig2qtzW10IFabXYAcyueM\nh1O04jnRwq4HK0Q/VvFV7uxgl8L4KCSrhtM43rVdmTg0ZNxR7VfChAbNs/mCVxj6\nhWeMi4vR9wIDAQABo2MwYTAOBgNVHQ8BAf8EBAMCAQYwDwYDVR0TAQH/BAUwAwEB\n/zAdBgNVHQ4EFgQUH6nyKMbn0bZv0997z5XwOV39zdwwHwYDVR0jBBgwFoAUTtUp\njc1CWPowZIv3bJjD5YCMSaIwDQYJKoZIhvcNAQELBQADggIBAHqkisBmm6SKZViN\nFT1l4uloG1kCHegiBvF+k/gaDHiVv7FTHaIhIScA/1HTyWlpX8e9VrTTmHbgip2W\nIGRukVCBkt7zYAjAe42bsyeRig1aCPC+FoPNHS4oFqaAl6S8exuy7u5GWL+LzNqo\n6kcJ+sGCvTPBrxfjXJqfdp91VMfv9mVfFDNaLArWTlzhrUASodhfysu8uGzZ5mbP\nY0xBTTYq3UlM+3OMfNv9Xjn9evFAA4rfMgiH7MsXi3cuFof4ks/zBwep5gwoqz0W\nlA6foYBYnLee99cRjWCHfawMo/1br0JVsIiaZk/vGD40ZnMJrh9kHCrw5O2iWXEH\naj1D7C3N0PCquMJ9NvU+sRXN9ou3mUvPODQ/aCIMA4q2yLPxy0ao5olndgqiHhtE\nmNUo7w7gXpq6Y+EtvbAA4xTX0I1kbm9vwzNTZ7wLfKMHtHq7Ffr7gqWXU2cXml6V\nfr1Msv8hUzDvH1BeNyMFyzFbJJdpfsKRPh72IlxcQxsr6kIhY1K7tF8lQ5g9RPny\n09+v14OOpCG83GXuUEIlUBQgqBdTP9QVu7rM70if0Yid9JxwilhfnTt5PnPGBhxr\nasOn+3Opo8H6vJWLYyYelHfLUAHhi2N4GAP/L6B+/2WQpymQ8w67KYoymrc+K9ZK\n2kvMoJbm2aia6YLngZK+n/SKRn9o\n-----END CERTIFICATE-----\n-----BEGIN CERTIFICATE-----\nMIIFKTCCAxGgAwIBAgIUVKR+j9sOxXTBaX8OWFQD3sW6FMowDQYJKoZIhvcNAQEL\nBQAwHDEaMBgGA1UEAxMRSGFzaGlDb3JwIFJvb3QgQ0EwHhcNMjAwNDE2MTgxODE0\nWhcNNDAwNDE2MTgxODQxWjAcMRowGAYDVQQDExFIYXNoaUNvcnAgUm9vdCBDQTCC\nAiIwDQYJKoZIhvcNAQEBBQADggIPADCCAgoCggIBAMbBtS53Cyw6NsCbfgW/V/V1\nTrRQOMFaRAzYyGqO3OmNbRQfhUNn/JNzo7FZaKz+i9UM9JsPkowVpmdhJTaVUjKI\njlFQgffakMtfOQeBM08PQfWHRtgUM11A3KBesXo8WNaha59Cyn+Sx88VUl3Kndd1\nrOpJDsQHoZ7v61S9BoDxXprilkUJDCQaPXf22PVHysDmaD/5/q2pQV+kVsWTYJJq\n/X/4ZN8WekvvXKMCDqEzz5XQOb/8kNWOTG6/HXfQlXFJfmTu0jTk57TkjF+aO397\nFzvHokxRhsq1+Ablujj594s87ok2/psDg7R+zhPujtsaB0gmAFMy3JaBihp2rbWR\nQaLG3HCNQWla+uYThYgx8gtsMhbAfUWtrlbv3gX7ouVmFCbjJkHq7+EBC3yf2He6\nJ/QkG39zkDfmPcN0nuFy3K+i1qivY6pids/eaztTTTa5YTYss0a9f24iedDQbrdM\nCOD44p69UGqzeLBEAcyIthkLVhX99UA0kgMf5RLzCXweO+Xy9YaGP2+hIXrD1pCF\nc+hQU1ifHKmwcWsroxqBHtcXbHxxmUlQ9PIFsULBf31MF1ANARpVGxMyP0fhDau3\nxN0/Xz0DiXJtxphnXPkvPkxSnSVsQU6GmZcANyszWLhLaCgZl5ysWJZXIWclbyiy\nRYT1V/6BjaX5sAqIDCDdAgMBAAGjYzBhMA4GA1UdDwEB/wQEAwIBBjAPBgNVHRMB\nAf8EBTADAQH/MB0GA1UdDgQWBBRO1SmNzUJY+jBki/dsmMPlgIxJojAfBgNVHSME\nGDAWgBRO1SmNzUJY+jBki/dsmMPlgIxJojANBgkqhkiG9w0BAQsFAAOCAgEASFHC\nrGXT/6Z1tBq4PkgK91xDWT+Nz6yMvBe3XdwKgEwVbjJyIUIW3kUfKztBe1Xr9TNQ\nnADZtAzpskuwpvxQFhEqqUaN1vjinz55dR8sMm81w8Os1SGtSzM0jUyp+619d6WN\noK1MNIi463PGQQO5WQVo4GPL/Z7Maq08NtaFVjscL3YcSk9vswRk/Ruyn3T1AUg2\nwNMyFQvlEYpzTZSZOWzryYf0eDHUD52MU7of4flBeNVRA503f74GL6aM6CygzWNf\napHfWfGvJhd5g51DNo1y0d7UonNznoopVNq7gZckAO2HQN4ogKEs3zEiZ6O4gYup\nP4T88lbbkldVIYu1HFrvMrTrbYBxdcctUsUSRtDgZyNueSJgQEqI/0mA3W8vfQ2M\nG9BjrkyIFi9UHS0A9JR9WfjgXD/NGJgmyGBI2wptQcM3lid2WTKAM5r04Ig9FkWb\nj/4mKHDPE7jrg5ZtgBtonY4G7OeXfF+JxQNJ29FbiS43Do3BZj2xKob7EGBp3wc3\nVdNHUjaZlidQBOdiKjsTbKQVvVrjZQSX6kELyaOdopg54O9+sBqzSO7O/VvhxL17\nxCi9ndxW/NfEnnBnrIgmsTGHAWnyqsQhxVP2aqHm7ajvY+P0IiLOzS3XIameJVN9\nXvvHECvAsa59PxcrFXawYLjneZSulXVRM1GxpdU=\n-----END CERTIFICATE-----",
            "version_id": "07AFD200-E54C-4FFF-A556-0F891E8F3C2F",
            "version_stages": [
              "AWSCURRENT"
            ]
          },
          "sensitive_attributes": [],
          "private": "bnVsbA==",
          "dependencies": [
            "aws_secretsmanager_secret.consul_ca_cert",
            "hcp_consul_cluster.example",
            "hcp_hvn.server",
            "random_id.random"
          ]
        }
      ]
    },
    {
      "mode": "managed",
      "type": "aws_secretsmanager_secret_version",
      "name": "gossip_key",
      "provider": "provider[\"registry.terraform.io/hashicorp/aws\"]",
      "instances": [
        {
          "schema_version": 0,
          "attributes": {
            "arn": "arn:aws:secretsmanager:us-east-1:711129375688:secret:ap-gossip-key-slLFsq",
            "id": "arn:aws:secretsmanager:us-east-1:711129375688:secret:ap-gossip-key-slLFsq|DD3B2989-4034-4640-9681-64302774A60C",
            "secret_binary": "",
            "secret_id": "arn:aws:secretsmanager:us-east-1:711129375688:secret:ap-gossip-key-slLFsq",
            "secret_string": "l++afqBQvp1g0xzDv8A9NQ==",
            "version_id": "DD3B2989-4034-4640-9681-64302774A60C",
            "version_stages": [
              "AWSCURRENT"
            ]
          },
          "sensitive_attributes": [],
          "private": "bnVsbA==",
          "dependencies": [
            "aws_secretsmanager_secret.gossip_key",
            "hcp_consul_cluster.example",
            "hcp_hvn.server",
            "random_id.random"
          ]
        }
      ]
    },
    {
      "mode": "managed",
      "type": "aws_security_group",
      "name": "example_client_app_alb",
      "provider": "provider[\"registry.terraform.io/hashicorp/aws\"]",
      "instances": [
        {
          "schema_version": 1,
          "attributes": {
            "arn": "arn:aws:ec2:us-east-1:711129375688:security-group/sg-0474eb4d1be0062e4",
            "description": "Managed by Terraform",
            "egress": [
              {
                "cidr_blocks": [
                  "0.0.0.0/0"
                ],
                "description": "",
                "from_port": 0,
                "ipv6_cidr_blocks": [],
                "prefix_list_ids": [],
                "protocol": "-1",
                "security_groups": [],
                "self": false,
                "to_port": 0
              },
              {
                "cidr_blocks": [],
                "description": "",
                "from_port": 0,
                "ipv6_cidr_blocks": [],
                "prefix_list_ids": [],
                "protocol": "-1",
                "security_groups": [],
                "self": true,
                "to_port": 0
              }
            ],
            "id": "sg-0474eb4d1be0062e4",
            "ingress": [
              {
                "cidr_blocks": [
                  "0.0.0.0/0"
                ],
                "description": "",
                "from_port": 0,
                "ipv6_cidr_blocks": [],
                "prefix_list_ids": [],
                "protocol": "-1",
                "security_groups": [],
                "self": false,
                "to_port": 0
              },
              {
                "cidr_blocks": [
                  "0.0.0.0/0"
                ],
                "description": "",
                "from_port": 5432,
                "ipv6_cidr_blocks": [],
                "prefix_list_ids": [],
                "protocol": "tcp",
                "security_groups": [],
                "self": false,
                "to_port": 5432
              },
              {
                "cidr_blocks": [
                  "0.0.0.0/0"
                ],
                "description": "Access to example client application",
                "from_port": 9090,
                "ipv6_cidr_blocks": [],
                "prefix_list_ids": [],
                "protocol": "tcp",
                "security_groups": [],
                "self": false,
                "to_port": 9090
              },
              {
                "cidr_blocks": [
                  "0.0.0.0/0"
                ],
                "description": "Access to example client application.",
                "from_port": 8081,
                "ipv6_cidr_blocks": [],
                "prefix_list_ids": [],
                "protocol": "tcp",
                "security_groups": [],
                "self": false,
                "to_port": 8081
              },
              {
                "cidr_blocks": [
                  "0.0.0.0/0"
                ],
                "description": "Access to example client application.",
                "from_port": 80,
                "ipv6_cidr_blocks": [],
                "prefix_list_ids": [],
                "protocol": "tcp",
                "security_groups": [],
                "self": false,
                "to_port": 80
              },
              {
                "cidr_blocks": [],
                "description": "",
                "from_port": 5432,
                "ipv6_cidr_blocks": [],
                "prefix_list_ids": [],
                "protocol": "tcp",
                "security_groups": [],
                "self": true,
                "to_port": 5432
              },
              {
                "cidr_blocks": [],
                "description": "Access to example client application",
                "from_port": 9090,
                "ipv6_cidr_blocks": [],
                "prefix_list_ids": [],
                "protocol": "tcp",
                "security_groups": [],
                "self": true,
                "to_port": 9090
              },
              {
                "cidr_blocks": [],
                "description": "Access to example client application.",
                "from_port": 8081,
                "ipv6_cidr_blocks": [],
                "prefix_list_ids": [],
                "protocol": "tcp",
                "security_groups": [],
                "self": true,
                "to_port": 8081
              },
              {
                "cidr_blocks": [],
                "description": "Access to example client application.",
                "from_port": 80,
                "ipv6_cidr_blocks": [],
                "prefix_list_ids": [],
                "protocol": "tcp",
                "security_groups": [],
                "self": true,
                "to_port": 80
              }
            ],
            "name": "ap-example-client-app-alb",
            "name_prefix": "",
            "owner_id": "711129375688",
            "revoke_rules_on_delete": false,
            "tags": null,
            "tags_all": {},
            "timeouts": null,
            "vpc_id": "vpc-08846fdbff71b27d8"
          },
          "sensitive_attributes": [],
          "private": "eyJlMmJmYjczMC1lY2FhLTExZTYtOGY4OC0zNDM2M2JjN2M0YzAiOnsiY3JlYXRlIjo2MDAwMDAwMDAwMDAsImRlbGV0ZSI6OTAwMDAwMDAwMDAwfSwic2NoZW1hX3ZlcnNpb24iOiIxIn0=",
          "dependencies": [
            "module.vpc.aws_vpc.this",
            "random_id.random"
          ]
        }
      ]
    },
    {
      "mode": "managed",
      "type": "aws_security_group_rule",
      "name": "ingress_from_client_alb_to_ecs",
      "provider": "provider[\"registry.terraform.io/hashicorp/aws\"]",
      "instances": [
        {
          "schema_version": 2,
          "attributes": {
            "cidr_blocks": null,
            "description": null,
            "from_port": 0,
            "id": "sgrule-198574673",
            "ipv6_cidr_blocks": null,
            "prefix_list_ids": null,
            "protocol": "tcp",
            "security_group_id": "sg-07a39ad15a9ea9d82",
            "self": false,
            "source_security_group_id": "sg-0474eb4d1be0062e4",
            "to_port": 65535,
            "type": "ingress"
          },
          "sensitive_attributes": [],
          "private": "eyJzY2hlbWFfdmVyc2lvbiI6IjIifQ==",
          "dependencies": [
            "aws_security_group.example_client_app_alb",
            "module.vpc.aws_vpc.this",
            "random_id.random"
          ]
        }
      ]
    },
    {
      "mode": "managed",
      "type": "aws_vpc_peering_connection_accepter",
      "name": "peer",
      "provider": "provider[\"registry.terraform.io/hashicorp/aws\"]",
      "instances": [
        {
          "schema_version": 0,
          "attributes": {
            "accept_status": "active",
            "accepter": [
              {
                "allow_classic_link_to_remote_vpc": false,
                "allow_remote_vpc_dns_resolution": false,
                "allow_vpc_to_remote_classic_link": false
              }
            ],
            "auto_accept": true,
            "id": "pcx-04aa5c3d0854ee153",
            "peer_owner_id": "227600743796",
            "peer_region": "us-east-1",
            "peer_vpc_id": "vpc-045025b7ad2abae99",
            "requester": [],
            "tags": null,
            "tags_all": {},
            "timeouts": null,
            "vpc_id": "vpc-08846fdbff71b27d8",
            "vpc_peering_connection_id": "pcx-04aa5c3d0854ee153"
          },
          "sensitive_attributes": [],
          "private": "eyJlMmJmYjczMC1lY2FhLTExZTYtOGY4OC0zNDM2M2JjN2M0YzAiOnsiY3JlYXRlIjo2MDAwMDAwMDAwMCwidXBkYXRlIjo2MDAwMDAwMDAwMH19",
          "dependencies": [
            "data.aws_caller_identity.current",
            "hcp_aws_network_peering.default",
            "hcp_hvn.server",
            "module.vpc.aws_vpc.this",
            "random_id.random"
          ]
        }
      ]
    },
    {
      "mode": "managed",
      "type": "hcp_aws_network_peering",
      "name": "default",
      "provider": "provider[\"registry.terraform.io/hashicorp/hcp\"]",
      "instances": [
        {
          "schema_version": 0,
          "attributes": {
            "created_at": "2022-05-16T15:49:41.000Z",
            "expires_at": "2022-05-23T15:49:41.000Z",
            "hvn_id": "main-hvn-dSo",
            "id": "/project/5939a5d7-821b-414b-bf1d-53fdcf8748bf/hashicorp.network.peering/main-hvn-dSo-peering",
            "organization_id": "dab501b4-274f-4812-b185-0d741b5d11af",
            "peer_account_id": "711129375688",
            "peer_vpc_id": "vpc-08846fdbff71b27d8",
            "peer_vpc_region": "us-east-1",
            "peering_id": "main-hvn-dSo-peering",
            "project_id": "5939a5d7-821b-414b-bf1d-53fdcf8748bf",
            "provider_peering_id": "pcx-04aa5c3d0854ee153",
            "self_link": "/project/5939a5d7-821b-414b-bf1d-53fdcf8748bf/hashicorp.network.peering/main-hvn-dSo-peering",
            "timeouts": null
          },
          "sensitive_attributes": [],
          "private": "eyJlMmJmYjczMC1lY2FhLTExZTYtOGY4OC0zNDM2M2JjN2M0YzAiOnsiY3JlYXRlIjoyMTAwMDAwMDAwMDAwLCJkZWZhdWx0Ijo2MDAwMDAwMDAwMCwiZGVsZXRlIjoyMTAwMDAwMDAwMDAwLCJyZWFkIjo2MDAwMDAwMDAwMCwidXBkYXRlIjo2MDAwMDAwMDAwMH19",
          "dependencies": [
            "data.aws_caller_identity.current",
            "hcp_hvn.server",
            "module.vpc.aws_vpc.this",
            "random_id.random"
          ]
        }
      ]
    },
    {
      "mode": "managed",
      "type": "hcp_consul_cluster",
      "name": "example",
      "provider": "provider[\"registry.terraform.io/hashicorp/hcp\"]",
      "instances": [
        {
          "schema_version": 0,
          "attributes": {
            "auto_hvn_to_hvn_peering": false,
            "cloud_provider": "aws",
            "cluster_id": "dc1-dSo",
            "connect_enabled": true,
            "consul_automatic_upgrades": null,
            "consul_ca_file": "LS0tLS1CRUdJTiBDRVJUSUZJQ0FURS0tLS0tCk1JSUVmRENDQW1TZ0F3SUJBZ0lVWk1UdUJrVStUVTg1Tkx0NjZnZitlVENlWnVZd0RRWUpLb1pJaHZjTkFRRUwKQlFBd0d6RVpNQmNHQTFVRUF4TVFTRU5RSUVSaGRHRndiR0Z1WlNCRFFUQWVGdzB5TWpBMU1UWXhOVFV3TWpCYQpGdzB5TXpBMU1UWXhOVFV3TlRCYU1EWXhOREF5QmdOVkJBTVRLMk00WkdRd05qQXdMVEZsTmpRdE5ERTVZeTFoCk1URXhMV016TldRNE9HUTFZbVExWlM1amIyNXpkV3d3Z2dFaU1BMEdDU3FHU0liM0RRRUJBUVVBQTRJQkR3QXcKZ2dFS0FvSUJBUURuRHVCWTVBR1pJSktCQ3d6UVVwc29vc2dsNGgvVGtvWlFzMGl1dUxUTm1UdnJpdUp4OCtwVwpqbTdLbCtObHhMV2N3K2NDcEJwdEI3NFJvOVpKeXIxbWhWVFVYVXk2d3R6YktSd0FMVVVEUndURXoyTG8xQWM2CllMUG5SZFZWcGJXU044Rlp4RmR5cVF4YmE2Ym5ac0ZwMWJid003dXNXUFFSeW5zVGNjYXFkc1EvRnlPcTljMkgKSUdicG5aZ1NXU3lZZmJJWUg0elNJQUUxYW9nRElYWlBic0RHZkZnMG16OXhIb0J1SWZjaWs5V0llT0F1R3luKwpSZURRcVpDODBkSnY5cVgyYzFjWTh4Tm5WNkFKbis3UXVDZDJqZDZnY2grOUFxUkNHcGVCVkJTZTU3REIxbHROCmU0MXprU01SckkraS9XbDIyWXZkejI4U1UwdGRPMHN2QWdNQkFBR2pnWnd3Z1prd0RnWURWUjBQQVFIL0JBUUQKQWdFR01BOEdBMVVkRXdFQi93UUZNQU1CQWY4d0hRWURWUjBPQkJZRUZJSHVLeHdSOFp1NGRLYmFXYlc0b0lMQQprUDhETUI4R0ExVWRJd1FZTUJhQUZCU1JCNmF6ZU9aZFFXMlpOUzZRbW5wMFlsWkZNRFlHQTFVZEVRUXZNQzJDCksyTTRaR1F3TmpBd0xURmxOalF0TkRFNVl5MWhNVEV4TFdNek5XUTRPR1ExWW1RMVpTNWpiMjV6ZFd3d0RRWUoKS29aSWh2Y05BUUVMQlFBRGdnSUJBSHEwY3FjR2tibDZyaTV2U3lxc2NHdmJuMlNTemd2K1Q4Z294VDJsZGw0OQpWMTFJOWxUKzRrcHJkVU5wc0RwV0hmSjl5OGlqeUVQaFNvcTU1d3hUdlllSnk4MURpbnpwQkMzaHZTZ0xKcm5UClJMZmdnZFY5QUpwV3FvRlBYa2ZkbkFYYkg2OExWcXZXeVIrRGU2TzdsRHlFajkzWjVjbzhNR0Q5QURCeGdmMTYKUWRBV28zYlZnSS96SUlHcGlTdU11RE1zbHRnTDUrQXhhcXNOR0xIQVdTM0UrcHlISXlvN2Y0QTJTaEk2SnBqcgpmSjNCZ1pJM0xUWER5OUtpbnlkSmV1dXpGcXplcisvL2dKMllJSXI5T1l1dzFFeDRLYnM1dVBOZS9tSm4rY0trCk9maUlFNzAxRGxjWEx1d01yYm9PR0pqcGhhQkl0STIybVVPc1g3c2lxUEw0Z3NsRHJmaW9PUGkvYkp2T3laWEwKSit0TnR0ajVSSGRKaUdGUitNdzRnN1ZoeWkwUmtneUU4azBhaDMvblFQa3JxK3pnZ25jbEMvbENhcjc2ZjdqSgpPZ3l0Yjk4MkxwNGg5WCtFQzRPYXZ4Z0N6VXZxTDlXQm1BUWdCT2xsaGFGc2ZObDduUjhzZksvSUJWQndYdFF1Cno4R3RNU3RmdWMxZGNMSXJsL0dxRU0wTThETWtOTTgwenF0STRoQkVISkZLV2w3V3pORS9WVVpTUXNqa2pGY00KTkxabXV2NUhQTzZvTVdBNmZmTDllTnBJbVo5ek5oTDlsTGNFUGFHdVAveGRlczYzb2tuOUQzS1BVTUhHTksrTQo4Q1ROV0VNSUZYVEx2K2hRUHhsaWU4N3dNeTJpMk1oalFIdGR5M0lNVzRoeERDTEJldWVidVQwbEFIMzJHdElQCi0tLS0tRU5EIENFUlRJRklDQVRFLS0tLS0KLS0tLS1CRUdJTiBDRVJUSUZJQ0FURS0tLS0tCk1JSUZJRENDQXdpZ0F3SUJBZ0lVVkJtVy9kSkN3R3VKaXN4VldpTjk3Z0ZXdlZRd0RRWUpLb1pJaHZjTkFRRUwKQlFBd0ZERVNNQkFHQTFVRUF4TUpTRU1nTVRBeElFTkJNQjRYRFRJd01EUXhOakU0TWpNMU5Wb1hEVEl6TURReApOakU0TWpReU5Wb3dHekVaTUJjR0ExVUVBeE1RU0VOUUlFUmhkR0Z3YkdGdVpTQkRRVENDQWlJd0RRWUpLb1pJCmh2Y05BUUVCQlFBRGdnSVBBRENDQWdvQ2dnSUJBS083bTVHQ0VNbkhWeGF4ZWhScUdielhOQlhFMWlxZEdlV0EKcUZUWjJCN0xuSmZoTnk3U2xic0VRZ1F3SGFTbkI5WWJNNUIwK3JUYmNYaFdkZ1BOUEkwQ0NrZWVrNmY5U3J3ZwpHSVR2VVVnbEF1YWVGa0RhOTY3SVhrYWZXVGdkOGdoTDN0eUQ5VGZIRWpuTS85UWJJcjZpL0dZOHMvZHdSN3FFCjVvWXpuRjQ4akQrNWQybXQranF1bE5ncjFDMkpqbjR5Uy90ZXdVVFdWZ1FmdEtLVnJ1cWMzRjJ1NVhnSDVrMXAKZFp3OEdoY1VsT0hTRnlwdUE3ZXlUaGZRRlRBRUlUUzM5VlltSnpsWHdtaGVPOUpiT2VRSFlMazYxMmhaTXFkYgpPbkg5K1crYTNLLzR5dHFGYTdqZmJzVVlsWkJKMlFKNHpvQjVlbm9BaVJyL0pxTHB5cDRUYmpQT2RSUWRjOExoCjlqZkVLU29WTjVaVWlTQ3E0cnFtM2ZQaXVZRTRJWEEwNjZocDBvZ0NwdjBJQjRSakptT2EzZWwyUy9WVDROd2wKazRkYlhyMzhLcCtmV0JSVE1qd2l1M1l3b1FaU284WXNJWkpLWlFDR1JpQStRMWJpTE8xcHVsbUFWR1lOWDdwMApIbWtkT2hnTU1ycWk0cEdQdGdPQmZEWk04NVhpZkRnQmhrL1JkRzBRc3k3cFNVZ25EYjVCQ3l3aEZOVy9ValNBCkRid0Jvc2dnWWRFUkZSTURCT0pmUUdaemJGcmZ1RExsQ1FvZTZVWm9sL3ZSMDlqTW1jcW5lcjF6MERQcTg4Y20KemZoUWo0M0gvUFpnSDBDUGo4aTVYSVpaUzlzWUhmOTlieHpaODVTejM3bUJRMGZMTDBiVDdrODdLekRrdUZleQpZTEtUZUI5M0FnTUJBQUdqWXpCaE1BNEdBMVVkRHdFQi93UUVBd0lCQmpBUEJnTlZIUk1CQWY4RUJUQURBUUgvCk1CMEdBMVVkRGdRV0JCUVVrUWVtczNqbVhVRnRtVFV1a0pwNmRHSldSVEFmQmdOVkhTTUVHREFXZ0JRZnFmSW8KeHVmUnRtL1QzM3ZQbGZBNVhmM04zREFOQmdrcWhraUc5dzBCQVFzRkFBT0NBZ0VBdE8zdStydjBSYTBCenB4QwpQQVlaWXYrSHd6ZldPMmhiZVB3WFlieGJIWGxWelV0NnMveTcxekRzWnNvN3lEeXBnSnpuUTc1WFFLYXFSVllVCjROQXVlbnh5aXA5NHdrYkpqZXpETmx3ZmVnbHhuVEk4MkQwWUkvMnRGZkNBbXFRbGg3N3RyZ1Rkb2pTYTR4UXUKcjBXc3lxejNGZENOdG1SZlRJRGJ4bkdjUFd1bk5odkxWZTVGZWplUUMrL2Nramh0QnVzQ280VWhqbGxxd1NTZgpWdzl3ck5kRzArS0xSUW1JN0t6Zm9pa3ZRV2dndW9CNTRYQXRYN3F2a3ZHTGUzcis4SDRKUC8zWVZDZWRRSjNjCnpEdnZKWVhpS2VZN0tyNzFSNUwrVHlla09jM204NjBRM3orRFVKSmFzUGJpb3FjU0xXcVpYb0hjMlVIM0xSTUIKWndFeUZFdS93UzF0UU1CdC9IejUwZk52UDc5UWUySHR1SjlSbm0rQ3NIL2x4RUg2eCtjdENIWjE2cmlsclhJZgpZdG5qRkJERDFNSlRKY0lGMkNkSGFxT0gvTkIzdC9xaWxYVmg5VkFUZHlTV1djb3ZTZGdhYVpXU2lOaVJEUGZiCkNySFNrajMvcW15SWVJa014M1BISm82cVNCQUNjclp2N3lYV1I5Tzg2Y014cThVWEE3ZkxkbjdzSDljTFNrRWcKV1ltM1lhb3RlTE9LRk5LbUpPZVlNcCtURXVqL2QzYWNFWFprZ05FUjlVL1VuTFZ4WTZVaDBRdVhVUWgwaWlEUApOSkM1cEZMYkt6R3dwRmNKdHdtWDRZMU1pOEUwZXlwZS83a0lvWksxUXBoMEVjREllSHhOS2F4OHRUdEpZSUlHCmx1SG1GekRmekVIVzJ2b09QTzVXRzBGOXQ3TT0KLS0tLS1FTkQgQ0VSVElGSUNBVEUtLS0tLQotLS0tLUJFR0lOIENFUlRJRklDQVRFLS0tLS0KTUlJRklUQ0NBd21nQXdJQkFnSVVSVndtcTBYZkViYTBjUnM5UnhpbGNDN3VCK293RFFZSktvWklodmNOQVFFTApCUUF3SERFYU1CZ0dBMVVFQXhNUlNHRnphR2xEYjNKd0lGSnZiM1FnUTBFd0hoY05NakF3TkRFMk1UZ3hPVEV3CldoY05NekF3TkRFMk1UZ3hPVFF3V2pBVU1SSXdFQVlEVlFRREV3bElReUF4TURFZ1EwRXdnZ0lpTUEwR0NTcUcKU0liM0RRRUJBUVVBQTRJQ0R3QXdnZ0lLQW9JQ0FRRGZ5NmlHVVJZenlFdUFscGROSWcyWjVQQ1ZhTklLalh6dAppTlN4TUZtYkVWS0VxTGlicFVITTZVWTMxU2plK1BQNzRXUTdTN2tIY3dKYmdXTnVtR0l6aG9IWE9BUlM0SWpCClgzeGwweVJ2bkxFOWNZMldSYzRVR0MvU0ZNRVJJS1Z3c1puRVVWQTB4bkJUenV6U0xiWEpTczZ4d0lCZ2FlWlMKY1VUdGtiaHl3bU5sNWNwdWJneFBOdkpkQWRNWk9PNkczc1M1YmtFc3dWMWVwWVQwZ2s4anhmZ0Y4anA4QXlCMQpIbWpxTWlzcnhIVGZNd0FBbUx4ZndrMUM1YWFGVmt5M2FWZ0xTanVNaG1LSkhSZ2xURENRa2FzRmhnUkk3OVJGCjlqdDl0SzBFRDExVk02RUIzUlY0aGpVbHUzdVJ6SlZiRDY4RXdrcUJJcnd4VzY3bFd6cmlSam0wTlRUL2R6UksKdzJ3UkJ4TDM0MnYyUXN5WGg3aFdRQjhOclFJMkxXVnVPRzhEY0xiTWl2UEsxQ3VzellrZEc2MGFZTzdrK1NtdApYUlVxK0tKeXFwZ1Q1Zk95YVFrUTY0aVRxRDkxR1pabGVYTjFiZVE1KzcxS3liRHRuT1Nham9yWW1URDBreWpQCnZlYThWN0w5UU9VbGxFV2o0T1g2Z0c1U2g0SllXSWJIamFzQU1JSFhXOW5sTXVQbnV4cE1LSlB1eldkRjNMZE0KNWpuUEVIaGJWaSsxRmxIR2J3MVUrQkN0NzVXT09XSkVZUzFpcVpsZnd0K2lnMnF0elcxMElGYWJYWUFjeXVlTQpoMU8wNGpuUndxNEhLMFEvVnZGVjd1eGdsOEw0S0NTcmh0TTQzclZkbVRnMFpOeFI3VmZDaEFiTnMvbUNWeGo2CmhXZU1pNHZSOXdJREFRQUJvMk13WVRBT0JnTlZIUThCQWY4RUJBTUNBUVl3RHdZRFZSMFRBUUgvQkFVd0F3RUIKL3pBZEJnTlZIUTRFRmdRVUg2bnlLTWJuMGJadjA5OTd6NVh3T1YzOXpkd3dId1lEVlIwakJCZ3dGb0FVVHRVcApqYzFDV1Bvd1pJdjNiSmpENVlDTVNhSXdEUVlKS29aSWh2Y05BUUVMQlFBRGdnSUJBSHFraXNCbW02U0taVmlOCkZUMWw0dWxvRzFrQ0hlZ2lCdkYray9nYURIaVZ2N0ZUSGFJaElTY0EvMUhUeVdscFg4ZTlWclRUbUhiZ2lwMlcKSUdSdWtWQ0JrdDd6WUFqQWU0MmJzeWVSaWcxYUNQQytGb1BOSFM0b0ZxYUFsNlM4ZXh1eTd1NUdXTCtMek5xbwo2a2NKK3NHQ3ZUUEJyeGZqWEpxZmRwOTFWTWZ2OW1WZkZETmFMQXJXVGx6aHJVQVNvZGhmeXN1OHVHelo1bWJQClkweEJUVFlxM1VsTSszT01mTnY5WGpuOWV2RkFBNHJmTWdpSDdNc1hpM2N1Rm9mNGtzL3pCd2VwNWd3b3F6MFcKbEE2Zm9ZQlluTGVlOTljUmpXQ0hmYXdNby8xYnIwSlZzSWlhWmsvdkdENDBabk1Kcmg5a0hDcnc1TzJpV1hFSAphajFEN0MzTjBQQ3F1TUo5TnZVK3NSWE45b3UzbVV2UE9EUS9hQ0lNQTRxMnlMUHh5MGFvNW9sbmRncWlIaHRFCm1OVW83dzdnWHBxNlkrRXR2YkFBNHhUWDBJMWtibTl2d3pOVFo3d0xmS01IdEhxN0ZmcjdncVdYVTJjWG1sNlYKZnIxTXN2OGhVekR2SDFCZU55TUZ5ekZiSkpkcGZzS1JQaDcySWx4Y1F4c3I2a0loWTFLN3RGOGxRNWc5UlBueQowOSt2MTRPT3BDRzgzR1h1VUVJbFVCUWdxQmRUUDlRVnU3ck03MGlmMFlpZDlKeHdpbGhmblR0NVBuUEdCaHhyCmFzT24rM09wbzhINnZKV0xZeVllbEhmTFVBSGhpMk40R0FQL0w2QisvMldRcHltUTh3NjdLWW95bXJjK0s5WksKMmt2TW9KYm0yYWlhNllMbmdaSytuL1NLUm45bwotLS0tLUVORCBDRVJUSUZJQ0FURS0tLS0tCi0tLS0tQkVHSU4gQ0VSVElGSUNBVEUtLS0tLQpNSUlGS1RDQ0F4R2dBd0lCQWdJVVZLUitqOXNPeFhUQmFYOE9XRlFEM3NXNkZNb3dEUVlKS29aSWh2Y05BUUVMCkJRQXdIREVhTUJnR0ExVUVBeE1SU0dGemFHbERiM0p3SUZKdmIzUWdRMEV3SGhjTk1qQXdOREUyTVRneE9ERTAKV2hjTk5EQXdOREUyTVRneE9EUXhXakFjTVJvd0dBWURWUVFERXhGSVlYTm9hVU52Y25BZ1VtOXZkQ0JEUVRDQwpBaUl3RFFZSktvWklodmNOQVFFQkJRQURnZ0lQQURDQ0Fnb0NnZ0lCQU1iQnRTNTNDeXc2TnNDYmZnVy9WL1YxClRyUlFPTUZhUkF6WXlHcU8zT21OYlJRZmhVTm4vSk56bzdGWmFLeitpOVVNOUpzUGtvd1ZwbWRoSlRhVlVqS0kKamxGUWdmZmFrTXRmT1FlQk0wOFBRZldIUnRnVU0xMUEzS0Jlc1hvOFdOYWhhNTlDeW4rU3g4OFZVbDNLbmRkMQpyT3BKRHNRSG9aN3Y2MVM5Qm9EeFhwcmlsa1VKRENRYVBYZjIyUFZIeXNEbWFELzUvcTJwUVYra1ZzV1RZSkpxCi9YLzRaTjhXZWt2dlhLTUNEcUV6ejVYUU9iLzhrTldPVEc2L0hYZlFsWEZKZm1UdTBqVGs1N1RrakYrYU8zOTcKRnp2SG9reFJoc3ExK0FibHVqajU5NHM4N29rMi9wc0RnN1IremhQdWp0c2FCMGdtQUZNeTNKYUJpaHAycmJXUgpRYUxHM0hDTlFXbGErdVlUaFlneDhndHNNaGJBZlVXdHJsYnYzZ1g3b3VWbUZDYmpKa0hxNytFQkMzeWYySGU2CkovUWtHMzl6a0RmbVBjTjBudUZ5M0sraTFxaXZZNnBpZHMvZWF6dFRUVGE1WVRZc3MwYTlmMjRpZWREUWJyZE0KQ09ENDRwNjlVR3F6ZUxCRUFjeUl0aGtMVmhYOTlVQTBrZ01mNVJMekNYd2VPK1h5OVlhR1AyK2hJWHJEMXBDRgpjK2hRVTFpZkhLbXdjV3Nyb3hxQkh0Y1hiSHh4bVVsUTlQSUZzVUxCZjMxTUYxQU5BUnBWR3hNeVAwZmhEYXUzCnhOMC9YejBEaVhKdHhwaG5YUGt2UGt4U25TVnNRVTZHbVpjQU55c3pXTGhMYUNnWmw1eXNXSlpYSVdjbGJ5aXkKUllUMVYvNkJqYVg1c0FxSURDRGRBZ01CQUFHall6QmhNQTRHQTFVZER3RUIvd1FFQXdJQkJqQVBCZ05WSFJNQgpBZjhFQlRBREFRSC9NQjBHQTFVZERnUVdCQlJPMVNtTnpVSlkrakJraS9kc21NUGxnSXhKb2pBZkJnTlZIU01FCkdEQVdnQlJPMVNtTnpVSlkrakJraS9kc21NUGxnSXhKb2pBTkJna3Foa2lHOXcwQkFRc0ZBQU9DQWdFQVNGSEMKckdYVC82WjF0QnE0UGtnSzkxeERXVCtOejZ5TXZCZTNYZHdLZ0V3VmJqSnlJVUlXM2tVZkt6dEJlMVhyOVROUQpuQURadEF6cHNrdXdwdnhRRmhFcXFVYU4xdmppbno1NWRSOHNNbTgxdzhPczFTR3RTek0walV5cCs2MTlkNldOCm9LMU1OSWk0NjNQR1FRTzVXUVZvNEdQTC9aN01hcTA4TnRhRlZqc2NMM1ljU2s5dnN3UmsvUnV5bjNUMUFVZzIKd05NeUZRdmxFWXB6VFpTWk9XenJ5WWYwZURIVUQ1Mk1VN29mNGZsQmVOVlJBNTAzZjc0R0w2YU02Q3lneldOZgphcEhmV2ZHdkpoZDVnNTFETm8xeTBkN1Vvbk56bm9vcFZOcTdnWmNrQU8ySFFONG9nS0VzM3pFaVo2TzRnWXVwClA0VDg4bGJia2xkVklZdTFIRnJ2TXJUcmJZQnhkY2N0VXNVU1J0RGdaeU51ZVNKZ1FFcUkvMG1BM1c4dmZRMk0KRzlCanJreUlGaTlVSFMwQTlKUjlXZmpnWEQvTkdKZ215R0JJMndwdFFjTTNsaWQyV1RLQU01cjA0SWc5RmtXYgpqLzRtS0hEUEU3anJnNVp0Z0J0b25ZNEc3T2VYZkYrSnhRTkoyOUZiaVM0M0RvM0JaajJ4S29iN0VHQnAzd2MzClZkTkhVamFabGlkUUJPZGlLanNUYktRVnZWcmpaUVNYNmtFTHlhT2RvcGc1NE85K3NCcXpTTzdPL1Z2aHhMMTcKeENpOW5keFcvTmZFbm5CbnJJZ21zVEdIQVdueXFzUWh4VlAyYXFIbTdhanZZK1AwSWlMT3pTM1hJYW1lSlZOOQpYdnZIRUN2QXNhNTlQeGNyRlhhd1lMam5lWlN1bFhWUk0xR3hwZFU9Ci0tLS0tRU5EIENFUlRJRklDQVRFLS0tLS0=",
            "consul_config_file": "eyJhY2wiOnsiZW5hYmxlZCI6dHJ1ZSwiZG93bl9wb2xpY3kiOiJhc3luYy1jYWNoZSIsImRlZmF1bHRfcG9saWN5IjoiZGVueSJ9LCJjYV9maWxlIjoiLi9jYS5wZW0iLCJ2ZXJpZnlfb3V0Z29pbmciOnRydWUsImRhdGFjZW50ZXIiOiJkYzEiLCJlbmNyeXB0IjoibCsrYWZxQlF2cDFnMHh6RHY4QTlOUT09IiwiZW5jcnlwdF92ZXJpZnlfaW5jb21pbmciOnRydWUsImVuY3J5cHRfdmVyaWZ5X291dGdvaW5nIjp0cnVlLCJzZXJ2ZXIiOmZhbHNlLCJsb2dfbGV2ZWwiOiJJTkZPIiwidWkiOnRydWUsInJldHJ5X2pvaW4iOlsiZGMxLWRTby5wcml2YXRlLmNvbnN1bC41OTM5YTVkNy04MjFiLTQxNGItYmYxZC01M2ZkY2Y4NzQ4YmYuYXdzLmhhc2hpY29ycC5jbG91ZCJdLCJhdXRvX2VuY3J5cHQiOnsidGxzIjp0cnVlfX0=",
            "consul_private_endpoint_url": "https://dc1-dSo.private.consul.5939a5d7-821b-414b-bf1d-53fdcf8748bf.aws.hashicorp.cloud",
            "consul_public_endpoint_url": "https://dc1-dSo.consul.5939a5d7-821b-414b-bf1d-53fdcf8748bf.aws.hashicorp.cloud",
            "consul_root_token_accessor_id": "dc2ebb13-7720-bb27-2540-38e614ec9ece",
            "consul_root_token_secret_id": "64c9cbd2-f297-4c08-6b34-f5c149951560",
            "consul_snapshot_interval": "24h",
            "consul_snapshot_retention": "30d",
            "consul_version": "v1.11.5",
            "datacenter": "dc1",
            "hvn_id": "main-hvn-dSo",
            "id": "/project/5939a5d7-821b-414b-bf1d-53fdcf8748bf/hashicorp.consul.cluster/dc1-dSo",
            "min_consul_version": "v1.11.5",
            "organization_id": "dab501b4-274f-4812-b185-0d741b5d11af",
            "primary_link": null,
            "project_id": "5939a5d7-821b-414b-bf1d-53fdcf8748bf",
            "public_endpoint": true,
            "region": "us-east-1",
            "scale": 1,
            "self_link": "/project/5939a5d7-821b-414b-bf1d-53fdcf8748bf/hashicorp.consul.cluster/dc1-dSo",
            "size": "X_SMALL",
            "tier": "DEVELOPMENT",
            "timeouts": null
          },
          "sensitive_attributes": [],
          "private": "eyJlMmJmYjczMC1lY2FhLTExZTYtOGY4OC0zNDM2M2JjN2M0YzAiOnsiY3JlYXRlIjoyMTAwMDAwMDAwMDAwLCJkZWZhdWx0IjozMDAwMDAwMDAwMDAsImRlbGV0ZSI6MTUwMDAwMDAwMDAwMCwicmVhZCI6MzAwMDAwMDAwMDAwLCJ1cGRhdGUiOjIxMDAwMDAwMDAwMDB9fQ==",
          "dependencies": [
            "hcp_hvn.server",
            "random_id.random"
          ]
        }
      ]
    },
    {
      "mode": "managed",
      "type": "hcp_hvn",
      "name": "server",
      "provider": "provider[\"registry.terraform.io/hashicorp/hcp\"]",
      "instances": [
        {
          "schema_version": 0,
          "attributes": {
            "cidr_block": "172.25.16.0/20",
            "cloud_provider": "aws",
            "created_at": "2022-05-16T15:48:59.000Z",
            "hvn_id": "main-hvn-dSo",
            "id": "/project/5939a5d7-821b-414b-bf1d-53fdcf8748bf/hashicorp.network.hvn/main-hvn-dSo",
            "organization_id": "dab501b4-274f-4812-b185-0d741b5d11af",
            "project_id": "5939a5d7-821b-414b-bf1d-53fdcf8748bf",
            "provider_account_id": "227600743796",
            "region": "us-east-1",
            "self_link": "/project/5939a5d7-821b-414b-bf1d-53fdcf8748bf/hashicorp.network.hvn/main-hvn-dSo",
            "timeouts": null
          },
          "sensitive_attributes": [],
          "private": "eyJlMmJmYjczMC1lY2FhLTExZTYtOGY4OC0zNDM2M2JjN2M0YzAiOnsiY3JlYXRlIjo2MDAwMDAwMDAwMDAsImRlZmF1bHQiOjYwMDAwMDAwMDAwLCJkZWxldGUiOjYwMDAwMDAwMDAwMCwicmVhZCI6NjAwMDAwMDAwMDAsInVwZGF0ZSI6NjAwMDAwMDAwMDB9fQ==",
          "dependencies": [
            "random_id.random"
          ]
        }
      ]
    },
    {
      "mode": "managed",
      "type": "hcp_hvn_route",
      "name": "peering_route",
      "provider": "provider[\"registry.terraform.io/hashicorp/hcp\"]",
      "instances": [
        {
          "schema_version": 0,
          "attributes": {
            "created_at": "2022-05-16T15:49:45.000Z",
            "destination_cidr": "10.0.0.0/16",
            "hvn_link": "/project/5939a5d7-821b-414b-bf1d-53fdcf8748bf/hashicorp.network.hvn/main-hvn-dSo",
            "hvn_route_id": "main-hvn-dSo-peering-route",
            "id": "/project/5939a5d7-821b-414b-bf1d-53fdcf8748bf/hashicorp.network.route/main-hvn-dSo-peering-route",
            "self_link": "/project/5939a5d7-821b-414b-bf1d-53fdcf8748bf/hashicorp.network.route/main-hvn-dSo-peering-route",
            "state": "ACTIVE",
            "target_link": "/project/5939a5d7-821b-414b-bf1d-53fdcf8748bf/hashicorp.network.peering/main-hvn-dSo-peering",
            "timeouts": null
          },
          "sensitive_attributes": [],
          "private": "eyJlMmJmYjczMC1lY2FhLTExZTYtOGY4OC0zNDM2M2JjN2M0YzAiOnsiY3JlYXRlIjoyMTAwMDAwMDAwMDAwLCJkZWZhdWx0Ijo2MDAwMDAwMDAwMCwiZGVsZXRlIjoxNTAwMDAwMDAwMDAwLCJyZWFkIjo2MDAwMDAwMDAwMCwidXBkYXRlIjo2MDAwMDAwMDAwMH19",
          "dependencies": [
            "data.aws_caller_identity.current",
            "hcp_aws_network_peering.default",
            "hcp_hvn.server",
            "module.vpc.aws_vpc.this",
            "random_id.random"
          ]
        }
      ]
    },
    {
      "mode": "managed",
      "type": "random_id",
      "name": "random",
      "provider": "provider[\"registry.terraform.io/hashicorp/random\"]",
      "instances": [
        {
          "schema_version": 0,
          "attributes": {
            "b64_std": "dSo=",
            "b64_url": "dSo",
            "byte_length": 2,
            "dec": "29994",
            "hex": "752a",
            "id": "dSo",
            "keepers": null,
            "prefix": null
          },
          "sensitive_attributes": [],
          "private": "bnVsbA=="
        }
      ]
    },
    {
      "module": "module.vpc",
      "mode": "managed",
      "type": "aws_eip",
      "name": "nat",
      "provider": "provider[\"registry.terraform.io/hashicorp/aws\"]",
      "instances": [
        {
          "index_key": 0,
          "schema_version": 0,
          "attributes": {
            "address": null,
            "allocation_id": "eipalloc-04384df5235513482",
            "associate_with_private_ip": null,
            "association_id": "",
            "carrier_ip": "",
            "customer_owned_ip": "",
            "customer_owned_ipv4_pool": "",
            "domain": "vpc",
            "id": "eipalloc-04384df5235513482",
            "instance": "",
            "network_border_group": "us-east-1",
            "network_interface": "",
            "private_dns": null,
            "private_ip": "",
            "public_dns": "ec2-50-17-216-203.compute-1.amazonaws.com",
            "public_ip": "50.17.216.203",
            "public_ipv4_pool": "amazon",
            "tags": {
              "Name": "ecs_cluster-dSo-us-east-1a"
            },
            "tags_all": {
              "Name": "ecs_cluster-dSo-us-east-1a"
            },
            "timeouts": null,
            "vpc": true
          },
          "sensitive_attributes": [],
          "private": "eyJlMmJmYjczMC1lY2FhLTExZTYtOGY4OC0zNDM2M2JjN2M0YzAiOnsiZGVsZXRlIjoxODAwMDAwMDAwMDAsInJlYWQiOjkwMDAwMDAwMDAwMCwidXBkYXRlIjozMDAwMDAwMDAwMDB9fQ==",
          "dependencies": [
            "random_id.random"
          ]
        }
      ]
    },
    {
      "module": "module.vpc",
      "mode": "managed",
      "type": "aws_internet_gateway",
      "name": "this",
      "provider": "provider[\"registry.terraform.io/hashicorp/aws\"]",
      "instances": [
        {
          "index_key": 0,
          "schema_version": 0,
          "attributes": {
            "arn": "arn:aws:ec2:us-east-1:711129375688:internet-gateway/igw-0227b970e351bffc2",
            "id": "igw-0227b970e351bffc2",
            "owner_id": "711129375688",
            "tags": {
              "Name": "ecs_cluster-dSo"
            },
            "tags_all": {
              "Name": "ecs_cluster-dSo"
            },
            "vpc_id": "vpc-08846fdbff71b27d8"
          },
          "sensitive_attributes": [],
          "private": "bnVsbA==",
          "dependencies": [
            "module.vpc.aws_vpc.this",
            "module.vpc.aws_vpc_ipv4_cidr_block_association.this",
            "random_id.random"
          ]
        }
      ]
    },
    {
      "module": "module.vpc",
      "mode": "managed",
      "type": "aws_nat_gateway",
      "name": "this",
      "provider": "provider[\"registry.terraform.io/hashicorp/aws\"]",
      "instances": [
        {
          "index_key": 0,
          "schema_version": 0,
          "attributes": {
            "allocation_id": "eipalloc-04384df5235513482",
            "connectivity_type": "public",
            "id": "nat-0720dc3c98616a876",
            "network_interface_id": "eni-04c89827bf4f7177c",
            "private_ip": "10.0.4.89",
            "public_ip": "50.17.216.203",
            "subnet_id": "subnet-0108c39ee7a55727c",
            "tags": {
              "Name": "ecs_cluster-dSo-us-east-1a"
            },
            "tags_all": {
              "Name": "ecs_cluster-dSo-us-east-1a"
            }
          },
          "sensitive_attributes": [],
          "private": "bnVsbA==",
          "dependencies": [
            "module.vpc.aws_eip.nat",
            "module.vpc.aws_internet_gateway.this",
            "module.vpc.aws_subnet.public",
            "module.vpc.aws_vpc.this",
            "module.vpc.aws_vpc_ipv4_cidr_block_association.this",
            "random_id.random"
          ]
        }
      ]
    },
    {
      "module": "module.vpc",
      "mode": "managed",
      "type": "aws_route",
      "name": "private_nat_gateway",
      "provider": "provider[\"registry.terraform.io/hashicorp/aws\"]",
      "instances": [
        {
          "index_key": 0,
          "schema_version": 0,
          "attributes": {
            "carrier_gateway_id": "",
            "core_network_arn": "",
            "destination_cidr_block": "0.0.0.0/0",
            "destination_ipv6_cidr_block": "",
            "destination_prefix_list_id": "",
            "egress_only_gateway_id": "",
            "gateway_id": "",
            "id": "r-rtb-0e504a7d1515f9caf1080289494",
            "instance_id": "",
            "instance_owner_id": "",
            "local_gateway_id": "",
            "nat_gateway_id": "nat-0720dc3c98616a876",
            "network_interface_id": "",
            "origin": "CreateRoute",
            "route_table_id": "rtb-0e504a7d1515f9caf",
            "state": "active",
            "timeouts": {
              "create": "5m",
              "delete": null,
              "update": null
            },
            "transit_gateway_id": "",
            "vpc_endpoint_id": "",
            "vpc_peering_connection_id": ""
          },
          "sensitive_attributes": [],
          "private": "eyJlMmJmYjczMC1lY2FhLTExZTYtOGY4OC0zNDM2M2JjN2M0YzAiOnsiY3JlYXRlIjozMDAwMDAwMDAwMDAsImRlbGV0ZSI6MzAwMDAwMDAwMDAwLCJ1cGRhdGUiOjEyMDAwMDAwMDAwMH19",
          "dependencies": [
            "module.vpc.aws_eip.nat",
            "module.vpc.aws_internet_gateway.this",
            "module.vpc.aws_nat_gateway.this",
            "module.vpc.aws_route_table.private",
            "module.vpc.aws_subnet.public",
            "module.vpc.aws_vpc.this",
            "module.vpc.aws_vpc_ipv4_cidr_block_association.this",
            "random_id.random"
          ]
        }
      ]
    },
    {
      "module": "module.vpc",
      "mode": "managed",
      "type": "aws_route",
      "name": "public_internet_gateway",
      "provider": "provider[\"registry.terraform.io/hashicorp/aws\"]",
      "instances": [
        {
          "index_key": 0,
          "schema_version": 0,
          "attributes": {
            "carrier_gateway_id": "",
            "core_network_arn": "",
            "destination_cidr_block": "0.0.0.0/0",
            "destination_ipv6_cidr_block": "",
            "destination_prefix_list_id": "",
            "egress_only_gateway_id": "",
            "gateway_id": "igw-0227b970e351bffc2",
            "id": "r-rtb-091d458b711d474fe1080289494",
            "instance_id": "",
            "instance_owner_id": "",
            "local_gateway_id": "",
            "nat_gateway_id": "",
            "network_interface_id": "",
            "origin": "CreateRoute",
            "route_table_id": "rtb-091d458b711d474fe",
            "state": "active",
            "timeouts": {
              "create": "5m",
              "delete": null,
              "update": null
            },
            "transit_gateway_id": "",
            "vpc_endpoint_id": "",
            "vpc_peering_connection_id": ""
          },
          "sensitive_attributes": [],
          "private": "eyJlMmJmYjczMC1lY2FhLTExZTYtOGY4OC0zNDM2M2JjN2M0YzAiOnsiY3JlYXRlIjozMDAwMDAwMDAwMDAsImRlbGV0ZSI6MzAwMDAwMDAwMDAwLCJ1cGRhdGUiOjEyMDAwMDAwMDAwMH19",
          "dependencies": [
            "module.vpc.aws_internet_gateway.this",
            "module.vpc.aws_route_table.public",
            "module.vpc.aws_vpc.this",
            "module.vpc.aws_vpc_ipv4_cidr_block_association.this",
            "random_id.random"
          ]
        }
      ]
    },
    {
      "module": "module.vpc",
      "mode": "managed",
      "type": "aws_route_table",
      "name": "private",
      "provider": "provider[\"registry.terraform.io/hashicorp/aws\"]",
      "instances": [
        {
          "index_key": 0,
          "schema_version": 0,
          "attributes": {
            "arn": "arn:aws:ec2:us-east-1:711129375688:route-table/rtb-0e504a7d1515f9caf",
            "id": "rtb-0e504a7d1515f9caf",
            "owner_id": "711129375688",
            "propagating_vgws": [],
            "route": [],
            "tags": {
              "Name": "ecs_cluster-dSo-private"
            },
            "tags_all": {
              "Name": "ecs_cluster-dSo-private"
            },
            "timeouts": null,
            "vpc_id": "vpc-08846fdbff71b27d8"
          },
          "sensitive_attributes": [],
          "private": "eyJlMmJmYjczMC1lY2FhLTExZTYtOGY4OC0zNDM2M2JjN2M0YzAiOnsiY3JlYXRlIjozMDAwMDAwMDAwMDAsImRlbGV0ZSI6MzAwMDAwMDAwMDAwLCJ1cGRhdGUiOjEyMDAwMDAwMDAwMH19",
          "dependencies": [
            "module.vpc.aws_vpc.this",
            "module.vpc.aws_vpc_ipv4_cidr_block_association.this",
            "random_id.random"
          ]
        }
      ]
    },
    {
      "module": "module.vpc",
      "mode": "managed",
      "type": "aws_route_table",
      "name": "public",
      "provider": "provider[\"registry.terraform.io/hashicorp/aws\"]",
      "instances": [
        {
          "index_key": 0,
          "schema_version": 0,
          "attributes": {
            "arn": "arn:aws:ec2:us-east-1:711129375688:route-table/rtb-091d458b711d474fe",
            "id": "rtb-091d458b711d474fe",
            "owner_id": "711129375688",
            "propagating_vgws": [],
            "route": [],
            "tags": {
              "Name": "ecs_cluster-dSo-public"
            },
            "tags_all": {
              "Name": "ecs_cluster-dSo-public"
            },
            "timeouts": null,
            "vpc_id": "vpc-08846fdbff71b27d8"
          },
          "sensitive_attributes": [],
          "private": "eyJlMmJmYjczMC1lY2FhLTExZTYtOGY4OC0zNDM2M2JjN2M0YzAiOnsiY3JlYXRlIjozMDAwMDAwMDAwMDAsImRlbGV0ZSI6MzAwMDAwMDAwMDAwLCJ1cGRhdGUiOjEyMDAwMDAwMDAwMH19",
          "dependencies": [
            "module.vpc.aws_vpc.this",
            "module.vpc.aws_vpc_ipv4_cidr_block_association.this",
            "random_id.random"
          ]
        }
      ]
    },
    {
      "module": "module.vpc",
      "mode": "managed",
      "type": "aws_route_table_association",
      "name": "private",
      "provider": "provider[\"registry.terraform.io/hashicorp/aws\"]",
      "instances": [
        {
          "index_key": 0,
          "schema_version": 0,
          "attributes": {
            "gateway_id": "",
            "id": "rtbassoc-0a78e5f74c3b470d4",
            "route_table_id": "rtb-0e504a7d1515f9caf",
            "subnet_id": "subnet-0c8645c4cf42e46fb"
          },
          "sensitive_attributes": [],
          "private": "bnVsbA==",
          "dependencies": [
            "module.vpc.aws_route_table.private",
            "module.vpc.aws_subnet.private",
            "module.vpc.aws_vpc.this",
            "module.vpc.aws_vpc_ipv4_cidr_block_association.this",
            "random_id.random"
          ]
        },
        {
          "index_key": 1,
          "schema_version": 0,
          "attributes": {
            "gateway_id": "",
            "id": "rtbassoc-0662548008fedbf2e",
            "route_table_id": "rtb-0e504a7d1515f9caf",
            "subnet_id": "subnet-0b58765228d753546"
          },
          "sensitive_attributes": [],
          "private": "bnVsbA==",
          "dependencies": [
            "module.vpc.aws_route_table.private",
            "module.vpc.aws_subnet.private",
            "module.vpc.aws_vpc.this",
            "module.vpc.aws_vpc_ipv4_cidr_block_association.this",
            "random_id.random"
          ]
        },
        {
          "index_key": 2,
          "schema_version": 0,
          "attributes": {
            "gateway_id": "",
            "id": "rtbassoc-07e354087230b9c53",
            "route_table_id": "rtb-0e504a7d1515f9caf",
            "subnet_id": "subnet-0ea731793eac3f260"
          },
          "sensitive_attributes": [],
          "private": "bnVsbA==",
          "dependencies": [
            "module.vpc.aws_route_table.private",
            "module.vpc.aws_subnet.private",
            "module.vpc.aws_vpc.this",
            "module.vpc.aws_vpc_ipv4_cidr_block_association.this",
            "random_id.random"
          ]
        }
      ]
    },
    {
      "module": "module.vpc",
      "mode": "managed",
      "type": "aws_route_table_association",
      "name": "public",
      "provider": "provider[\"registry.terraform.io/hashicorp/aws\"]",
      "instances": [
        {
          "index_key": 0,
          "schema_version": 0,
          "attributes": {
            "gateway_id": "",
            "id": "rtbassoc-0816fe97496317d8e",
            "route_table_id": "rtb-091d458b711d474fe",
            "subnet_id": "subnet-0108c39ee7a55727c"
          },
          "sensitive_attributes": [],
          "private": "bnVsbA==",
          "dependencies": [
            "module.vpc.aws_route_table.public",
            "module.vpc.aws_subnet.public",
            "module.vpc.aws_vpc.this",
            "module.vpc.aws_vpc_ipv4_cidr_block_association.this",
            "random_id.random"
          ]
        },
        {
          "index_key": 1,
          "schema_version": 0,
          "attributes": {
            "gateway_id": "",
            "id": "rtbassoc-00f08d7d1f3e969de",
            "route_table_id": "rtb-091d458b711d474fe",
            "subnet_id": "subnet-0243f58b13d665def"
          },
          "sensitive_attributes": [],
          "private": "bnVsbA==",
          "dependencies": [
            "module.vpc.aws_route_table.public",
            "module.vpc.aws_subnet.public",
            "module.vpc.aws_vpc.this",
            "module.vpc.aws_vpc_ipv4_cidr_block_association.this",
            "random_id.random"
          ]
        },
        {
          "index_key": 2,
          "schema_version": 0,
          "attributes": {
            "gateway_id": "",
            "id": "rtbassoc-03ffb36fd21e1f9f5",
            "route_table_id": "rtb-091d458b711d474fe",
            "subnet_id": "subnet-0741b32fc7849a404"
          },
          "sensitive_attributes": [],
          "private": "bnVsbA==",
          "dependencies": [
            "module.vpc.aws_route_table.public",
            "module.vpc.aws_subnet.public",
            "module.vpc.aws_vpc.this",
            "module.vpc.aws_vpc_ipv4_cidr_block_association.this",
            "random_id.random"
          ]
        }
      ]
    },
    {
      "module": "module.vpc",
      "mode": "managed",
      "type": "aws_subnet",
      "name": "private",
      "provider": "provider[\"registry.terraform.io/hashicorp/aws\"]",
      "instances": [
        {
          "index_key": 0,
          "schema_version": 1,
          "attributes": {
            "arn": "arn:aws:ec2:us-east-1:711129375688:subnet/subnet-0c8645c4cf42e46fb",
            "assign_ipv6_address_on_creation": false,
            "availability_zone": "us-east-1a",
            "availability_zone_id": "use1-az6",
            "cidr_block": "10.0.1.0/24",
            "customer_owned_ipv4_pool": "",
            "enable_dns64": false,
            "enable_resource_name_dns_a_record_on_launch": false,
            "enable_resource_name_dns_aaaa_record_on_launch": false,
            "id": "subnet-0c8645c4cf42e46fb",
            "ipv6_cidr_block": "",
            "ipv6_cidr_block_association_id": "",
            "ipv6_native": false,
            "map_customer_owned_ip_on_launch": false,
            "map_public_ip_on_launch": false,
            "outpost_arn": "",
            "owner_id": "711129375688",
            "private_dns_hostname_type_on_launch": "ip-name",
            "tags": {
              "Name": "ecs_cluster-dSo-private-us-east-1a"
            },
            "tags_all": {
              "Name": "ecs_cluster-dSo-private-us-east-1a"
            },
            "timeouts": null,
            "vpc_id": "vpc-08846fdbff71b27d8"
          },
          "sensitive_attributes": [],
          "private": "eyJlMmJmYjczMC1lY2FhLTExZTYtOGY4OC0zNDM2M2JjN2M0YzAiOnsiY3JlYXRlIjo2MDAwMDAwMDAwMDAsImRlbGV0ZSI6MTIwMDAwMDAwMDAwMH0sInNjaGVtYV92ZXJzaW9uIjoiMSJ9",
          "dependencies": [
            "module.vpc.aws_vpc.this",
            "module.vpc.aws_vpc_ipv4_cidr_block_association.this",
            "random_id.random"
          ]
        },
        {
          "index_key": 1,
          "schema_version": 1,
          "attributes": {
            "arn": "arn:aws:ec2:us-east-1:711129375688:subnet/subnet-0b58765228d753546",
            "assign_ipv6_address_on_creation": false,
            "availability_zone": "us-east-1b",
            "availability_zone_id": "use1-az1",
            "cidr_block": "10.0.2.0/24",
            "customer_owned_ipv4_pool": "",
            "enable_dns64": false,
            "enable_resource_name_dns_a_record_on_launch": false,
            "enable_resource_name_dns_aaaa_record_on_launch": false,
            "id": "subnet-0b58765228d753546",
            "ipv6_cidr_block": "",
            "ipv6_cidr_block_association_id": "",
            "ipv6_native": false,
            "map_customer_owned_ip_on_launch": false,
            "map_public_ip_on_launch": false,
            "outpost_arn": "",
            "owner_id": "711129375688",
            "private_dns_hostname_type_on_launch": "ip-name",
            "tags": {
              "Name": "ecs_cluster-dSo-private-us-east-1b"
            },
            "tags_all": {
              "Name": "ecs_cluster-dSo-private-us-east-1b"
            },
            "timeouts": null,
            "vpc_id": "vpc-08846fdbff71b27d8"
          },
          "sensitive_attributes": [],
          "private": "eyJlMmJmYjczMC1lY2FhLTExZTYtOGY4OC0zNDM2M2JjN2M0YzAiOnsiY3JlYXRlIjo2MDAwMDAwMDAwMDAsImRlbGV0ZSI6MTIwMDAwMDAwMDAwMH0sInNjaGVtYV92ZXJzaW9uIjoiMSJ9",
          "dependencies": [
            "module.vpc.aws_vpc.this",
            "module.vpc.aws_vpc_ipv4_cidr_block_association.this",
            "random_id.random"
          ]
        },
        {
          "index_key": 2,
          "schema_version": 1,
          "attributes": {
            "arn": "arn:aws:ec2:us-east-1:711129375688:subnet/subnet-0ea731793eac3f260",
            "assign_ipv6_address_on_creation": false,
            "availability_zone": "us-east-1c",
            "availability_zone_id": "use1-az2",
            "cidr_block": "10.0.3.0/24",
            "customer_owned_ipv4_pool": "",
            "enable_dns64": false,
            "enable_resource_name_dns_a_record_on_launch": false,
            "enable_resource_name_dns_aaaa_record_on_launch": false,
            "id": "subnet-0ea731793eac3f260",
            "ipv6_cidr_block": "",
            "ipv6_cidr_block_association_id": "",
            "ipv6_native": false,
            "map_customer_owned_ip_on_launch": false,
            "map_public_ip_on_launch": false,
            "outpost_arn": "",
            "owner_id": "711129375688",
            "private_dns_hostname_type_on_launch": "ip-name",
            "tags": {
              "Name": "ecs_cluster-dSo-private-us-east-1c"
            },
            "tags_all": {
              "Name": "ecs_cluster-dSo-private-us-east-1c"
            },
            "timeouts": null,
            "vpc_id": "vpc-08846fdbff71b27d8"
          },
          "sensitive_attributes": [],
          "private": "eyJlMmJmYjczMC1lY2FhLTExZTYtOGY4OC0zNDM2M2JjN2M0YzAiOnsiY3JlYXRlIjo2MDAwMDAwMDAwMDAsImRlbGV0ZSI6MTIwMDAwMDAwMDAwMH0sInNjaGVtYV92ZXJzaW9uIjoiMSJ9",
          "dependencies": [
            "module.vpc.aws_vpc.this",
            "module.vpc.aws_vpc_ipv4_cidr_block_association.this",
            "random_id.random"
          ]
        }
      ]
    },
    {
      "module": "module.vpc",
      "mode": "managed",
      "type": "aws_subnet",
      "name": "public",
      "provider": "provider[\"registry.terraform.io/hashicorp/aws\"]",
      "instances": [
        {
          "index_key": 0,
          "schema_version": 1,
          "attributes": {
            "arn": "arn:aws:ec2:us-east-1:711129375688:subnet/subnet-0108c39ee7a55727c",
            "assign_ipv6_address_on_creation": false,
            "availability_zone": "us-east-1a",
            "availability_zone_id": "use1-az6",
            "cidr_block": "10.0.4.0/24",
            "customer_owned_ipv4_pool": "",
            "enable_dns64": false,
            "enable_resource_name_dns_a_record_on_launch": false,
            "enable_resource_name_dns_aaaa_record_on_launch": false,
            "id": "subnet-0108c39ee7a55727c",
            "ipv6_cidr_block": "",
            "ipv6_cidr_block_association_id": "",
            "ipv6_native": false,
            "map_customer_owned_ip_on_launch": false,
            "map_public_ip_on_launch": true,
            "outpost_arn": "",
            "owner_id": "711129375688",
            "private_dns_hostname_type_on_launch": "ip-name",
            "tags": {
              "Name": "ecs_cluster-dSo-public-us-east-1a"
            },
            "tags_all": {
              "Name": "ecs_cluster-dSo-public-us-east-1a"
            },
            "timeouts": null,
            "vpc_id": "vpc-08846fdbff71b27d8"
          },
          "sensitive_attributes": [],
          "private": "eyJlMmJmYjczMC1lY2FhLTExZTYtOGY4OC0zNDM2M2JjN2M0YzAiOnsiY3JlYXRlIjo2MDAwMDAwMDAwMDAsImRlbGV0ZSI6MTIwMDAwMDAwMDAwMH0sInNjaGVtYV92ZXJzaW9uIjoiMSJ9",
          "dependencies": [
            "module.vpc.aws_vpc.this",
            "module.vpc.aws_vpc_ipv4_cidr_block_association.this",
            "random_id.random"
          ]
        },
        {
          "index_key": 1,
          "schema_version": 1,
          "attributes": {
            "arn": "arn:aws:ec2:us-east-1:711129375688:subnet/subnet-0243f58b13d665def",
            "assign_ipv6_address_on_creation": false,
            "availability_zone": "us-east-1b",
            "availability_zone_id": "use1-az1",
            "cidr_block": "10.0.5.0/24",
            "customer_owned_ipv4_pool": "",
            "enable_dns64": false,
            "enable_resource_name_dns_a_record_on_launch": false,
            "enable_resource_name_dns_aaaa_record_on_launch": false,
            "id": "subnet-0243f58b13d665def",
            "ipv6_cidr_block": "",
            "ipv6_cidr_block_association_id": "",
            "ipv6_native": false,
            "map_customer_owned_ip_on_launch": false,
            "map_public_ip_on_launch": true,
            "outpost_arn": "",
            "owner_id": "711129375688",
            "private_dns_hostname_type_on_launch": "ip-name",
            "tags": {
              "Name": "ecs_cluster-dSo-public-us-east-1b"
            },
            "tags_all": {
              "Name": "ecs_cluster-dSo-public-us-east-1b"
            },
            "timeouts": null,
            "vpc_id": "vpc-08846fdbff71b27d8"
          },
          "sensitive_attributes": [],
          "private": "eyJlMmJmYjczMC1lY2FhLTExZTYtOGY4OC0zNDM2M2JjN2M0YzAiOnsiY3JlYXRlIjo2MDAwMDAwMDAwMDAsImRlbGV0ZSI6MTIwMDAwMDAwMDAwMH0sInNjaGVtYV92ZXJzaW9uIjoiMSJ9",
          "dependencies": [
            "module.vpc.aws_vpc.this",
            "module.vpc.aws_vpc_ipv4_cidr_block_association.this",
            "random_id.random"
          ]
        },
        {
          "index_key": 2,
          "schema_version": 1,
          "attributes": {
            "arn": "arn:aws:ec2:us-east-1:711129375688:subnet/subnet-0741b32fc7849a404",
            "assign_ipv6_address_on_creation": false,
            "availability_zone": "us-east-1c",
            "availability_zone_id": "use1-az2",
            "cidr_block": "10.0.6.0/24",
            "customer_owned_ipv4_pool": "",
            "enable_dns64": false,
            "enable_resource_name_dns_a_record_on_launch": false,
            "enable_resource_name_dns_aaaa_record_on_launch": false,
            "id": "subnet-0741b32fc7849a404",
            "ipv6_cidr_block": "",
            "ipv6_cidr_block_association_id": "",
            "ipv6_native": false,
            "map_customer_owned_ip_on_launch": false,
            "map_public_ip_on_launch": true,
            "outpost_arn": "",
            "owner_id": "711129375688",
            "private_dns_hostname_type_on_launch": "ip-name",
            "tags": {
              "Name": "ecs_cluster-dSo-public-us-east-1c"
            },
            "tags_all": {
              "Name": "ecs_cluster-dSo-public-us-east-1c"
            },
            "timeouts": null,
            "vpc_id": "vpc-08846fdbff71b27d8"
          },
          "sensitive_attributes": [],
          "private": "eyJlMmJmYjczMC1lY2FhLTExZTYtOGY4OC0zNDM2M2JjN2M0YzAiOnsiY3JlYXRlIjo2MDAwMDAwMDAwMDAsImRlbGV0ZSI6MTIwMDAwMDAwMDAwMH0sInNjaGVtYV92ZXJzaW9uIjoiMSJ9",
          "dependencies": [
            "module.vpc.aws_vpc.this",
            "module.vpc.aws_vpc_ipv4_cidr_block_association.this",
            "random_id.random"
          ]
        }
      ]
    },
    {
      "module": "module.vpc",
      "mode": "managed",
      "type": "aws_vpc",
      "name": "this",
      "provider": "provider[\"registry.terraform.io/hashicorp/aws\"]",
      "instances": [
        {
          "index_key": 0,
          "schema_version": 1,
          "attributes": {
            "arn": "arn:aws:ec2:us-east-1:711129375688:vpc/vpc-08846fdbff71b27d8",
            "assign_generated_ipv6_cidr_block": false,
            "cidr_block": "10.0.0.0/16",
            "default_network_acl_id": "acl-031c0896fccb9105c",
            "default_route_table_id": "rtb-07f50a4680993dff3",
            "default_security_group_id": "sg-07a39ad15a9ea9d82",
            "dhcp_options_id": "dopt-9c873ce6",
            "enable_classiclink": false,
            "enable_classiclink_dns_support": false,
            "enable_dns_hostnames": true,
            "enable_dns_support": true,
            "id": "vpc-08846fdbff71b27d8",
            "instance_tenancy": "default",
            "ipv4_ipam_pool_id": null,
            "ipv4_netmask_length": null,
            "ipv6_association_id": "",
            "ipv6_cidr_block": "",
            "ipv6_cidr_block_network_border_group": "",
            "ipv6_ipam_pool_id": "",
            "ipv6_netmask_length": 0,
            "main_route_table_id": "rtb-07f50a4680993dff3",
            "owner_id": "711129375688",
            "tags": {
              "Name": "ecs_cluster-dSo"
            },
            "tags_all": {
              "Name": "ecs_cluster-dSo"
            }
          },
          "sensitive_attributes": [],
          "private": "eyJzY2hlbWFfdmVyc2lvbiI6IjEifQ==",
          "dependencies": [
            "random_id.random"
          ]
        }
      ]
    }
  ]
}
